// !$*UTF8*$!
{
	archiveVersion = 1;
	classes = {
	};
	objectVersion = 50;
	objects = {

/* Begin PBXBuildFile section */
		1FB2B43D39F330625AB42FAA /* Pods_in_iosTests.framework in Frameworks */ = {isa = PBXBuildFile; fileRef = B81A848D9E4455FF68424AA1 /* Pods_in_iosTests.framework */; };
		52A449027D84CDDD257B8A19 /* Pods_in_ios.framework in Frameworks */ = {isa = PBXBuildFile; fileRef = 1FE55CD425B19FE9092FD5CB /* Pods_in_ios.framework */; };
		E3A238980EAF1E942B02D63A /* Pods_in_iosUITests.framework in Frameworks */ = {isa = PBXBuildFile; fileRef = 66C1D52781DEEE2B40B45A6D /* Pods_in_iosUITests.framework */; };
		E9611E942164AC950010B33C /* ScreenTypeCMenuCollectionViewCell.swift in Sources */ = {isa = PBXBuildFile; fileRef = E9611E8F2164AC950010B33C /* ScreenTypeCMenuCollectionViewCell.swift */; };
		E9611E952164AC950010B33C /* ScreenTypeCMenuCollectionViewCell.xib in Resources */ = {isa = PBXBuildFile; fileRef = E9611E902164AC950010B33C /* ScreenTypeCMenuCollectionViewCell.xib */; };
		E9611E962164AC950010B33C /* ScreenTypeC.storyboard in Resources */ = {isa = PBXBuildFile; fileRef = E9611E912164AC950010B33C /* ScreenTypeC.storyboard */; };
		E9611E972164AC950010B33C /* ScreenTypeCViewController.swift in Sources */ = {isa = PBXBuildFile; fileRef = E9611E922164AC950010B33C /* ScreenTypeCViewController.swift */; };
		E9611E982164AC950010B33C /* ScreenTypeCViewModel.swift in Sources */ = {isa = PBXBuildFile; fileRef = E9611E932164AC950010B33C /* ScreenTypeCViewModel.swift */; };
		E9611E9A2164AE2D0010B33C /* IdentifierProtocol.swift in Sources */ = {isa = PBXBuildFile; fileRef = E9611E992164AE2D0010B33C /* IdentifierProtocol.swift */; };
		F3216B5620F4EA15008D6EFD /* HomeViewController.swift in Sources */ = {isa = PBXBuildFile; fileRef = F3216B5520F4EA15008D6EFD /* HomeViewController.swift */; };
		F32D99C621117E79007AAA8D /* HomeModel.swift in Sources */ = {isa = PBXBuildFile; fileRef = F32D99C521117E79007AAA8D /* HomeModel.swift */; };
		F32D99C821117E8A007AAA8D /* MenuModel.swift in Sources */ = {isa = PBXBuildFile; fileRef = F32D99C721117E8A007AAA8D /* MenuModel.swift */; };
		F32D99CA21117EC7007AAA8D /* BaseViewModel.swift in Sources */ = {isa = PBXBuildFile; fileRef = F32D99C921117EC7007AAA8D /* BaseViewModel.swift */; };
		F32D99CC21117EE8007AAA8D /* BaseModel.swift in Sources */ = {isa = PBXBuildFile; fileRef = F32D99CB21117EE8007AAA8D /* BaseModel.swift */; };
		F32DCED9214A41D100B3D0F8 /* INTextField.swift in Sources */ = {isa = PBXBuildFile; fileRef = F32DCED8214A41D100B3D0F8 /* INTextField.swift */; };
		F32DCEDC214A64B000B3D0F8 /* IntroThirdViewController.swift in Sources */ = {isa = PBXBuildFile; fileRef = F32DCEDB214A64B000B3D0F8 /* IntroThirdViewController.swift */; };
		F32DCEDE214A652000B3D0F8 /* IntroThirdViewModel.swift in Sources */ = {isa = PBXBuildFile; fileRef = F32DCEDD214A652000B3D0F8 /* IntroThirdViewModel.swift */; };
		F32DCEE0214A654400B3D0F8 /* IntroThirdModel.swift in Sources */ = {isa = PBXBuildFile; fileRef = F32DCEDF214A654400B3D0F8 /* IntroThirdModel.swift */; };
		F32F5B6521453DCC00558C68 /* IntroSecondViewController.swift in Sources */ = {isa = PBXBuildFile; fileRef = F32F5B6421453DCC00558C68 /* IntroSecondViewController.swift */; };
		F32F5B6721453DFB00558C68 /* IntroSecondViewModel.swift in Sources */ = {isa = PBXBuildFile; fileRef = F32F5B6621453DFB00558C68 /* IntroSecondViewModel.swift */; };
		F32F5B6921453E0B00558C68 /* IntroSecondModel.swift in Sources */ = {isa = PBXBuildFile; fileRef = F32F5B6821453E0B00558C68 /* IntroSecondModel.swift */; };
		F331EA7F211303880000B4E6 /* TopMenuItemCollectionViewCell.swift in Sources */ = {isa = PBXBuildFile; fileRef = F331EA7D211303880000B4E6 /* TopMenuItemCollectionViewCell.swift */; };
		F331EA80211303880000B4E6 /* TopMenuItemCollectionViewCell.xib in Resources */ = {isa = PBXBuildFile; fileRef = F331EA7E211303880000B4E6 /* TopMenuItemCollectionViewCell.xib */; };
		F334ADBC2104E7970056824A /* CameraManager.swift in Sources */ = {isa = PBXBuildFile; fileRef = F334ADBB2104E7970056824A /* CameraManager.swift */; };
		F334ADBE2105DA4A0056824A /* SpeechHelper.swift in Sources */ = {isa = PBXBuildFile; fileRef = F334ADBD2105DA490056824A /* SpeechHelper.swift */; };
		F334ADC02106E86F0056824A /* NavigationHelper.swift in Sources */ = {isa = PBXBuildFile; fileRef = F334ADBF2106E86E0056824A /* NavigationHelper.swift */; };
		F334ADC5210B3BC00056824A /* ApiRequestHandler.swift in Sources */ = {isa = PBXBuildFile; fileRef = F334ADC4210B3BC00056824A /* ApiRequestHandler.swift */; };
		F334ADC8210D7A370056824A /* MenuItem.swift in Sources */ = {isa = PBXBuildFile; fileRef = F334ADC7210D7A370056824A /* MenuItem.swift */; };
		F334ADCA210D7F890056824A /* HomeViewModel.swift in Sources */ = {isa = PBXBuildFile; fileRef = F334ADC9210D7F890056824A /* HomeViewModel.swift */; };
		F3355CE82121E04F009AF602 /* InputScreen.swift in Sources */ = {isa = PBXBuildFile; fileRef = F3355CE72121E04F009AF602 /* InputScreen.swift */; };
		F3355CEA2122BE79009AF602 /* InputScreens.swift in Sources */ = {isa = PBXBuildFile; fileRef = F3355CE92122BE79009AF602 /* InputScreens.swift */; };
		F3355CED2122E88C009AF602 /* LoadingViewController.swift in Sources */ = {isa = PBXBuildFile; fileRef = F3355CEC2122E88C009AF602 /* LoadingViewController.swift */; };
		F3355CEF2122E8F3009AF602 /* LoadingViewModel.swift in Sources */ = {isa = PBXBuildFile; fileRef = F3355CEE2122E8F3009AF602 /* LoadingViewModel.swift */; };
		F3355CF12122E904009AF602 /* LoadingModel.swift in Sources */ = {isa = PBXBuildFile; fileRef = F3355CF02122E904009AF602 /* LoadingModel.swift */; };
		F3355CF421240F6C009AF602 /* TopMenuItemExpandedCollectionViewCell.swift in Sources */ = {isa = PBXBuildFile; fileRef = F3355CF221240F6C009AF602 /* TopMenuItemExpandedCollectionViewCell.swift */; };
		F3355CF521240F6D009AF602 /* TopMenuItemExpandedCollectionViewCell.xib in Resources */ = {isa = PBXBuildFile; fileRef = F3355CF321240F6C009AF602 /* TopMenuItemExpandedCollectionViewCell.xib */; };
		F336587D20D318C300B18CEC /* AppDelegate.swift in Sources */ = {isa = PBXBuildFile; fileRef = F336587C20D318C300B18CEC /* AppDelegate.swift */; };
		F336587F20D318C300B18CEC /* BaseViewController.swift in Sources */ = {isa = PBXBuildFile; fileRef = F336587E20D318C300B18CEC /* BaseViewController.swift */; };
		F336588220D318C300B18CEC /* Main.storyboard in Resources */ = {isa = PBXBuildFile; fileRef = F336588020D318C300B18CEC /* Main.storyboard */; };
		F336588420D318CA00B18CEC /* Assets.xcassets in Resources */ = {isa = PBXBuildFile; fileRef = F336588320D318CA00B18CEC /* Assets.xcassets */; };
		F336588720D318CA00B18CEC /* LaunchScreen.storyboard in Resources */ = {isa = PBXBuildFile; fileRef = F336588520D318CA00B18CEC /* LaunchScreen.storyboard */; };
		F336589220D318CB00B18CEC /* in_iosTests.swift in Sources */ = {isa = PBXBuildFile; fileRef = F336589120D318CB00B18CEC /* in_iosTests.swift */; };
		F336589D20D318CB00B18CEC /* in_iosUITests.swift in Sources */ = {isa = PBXBuildFile; fileRef = F336589C20D318CB00B18CEC /* in_iosUITests.swift */; };
		F33658AE20D3198000B18CEC /* Constant.swift in Sources */ = {isa = PBXBuildFile; fileRef = F33658AD20D3198000B18CEC /* Constant.swift */; };
		F33F0BCF2121B11C002E31B9 /* DataManager.swift in Sources */ = {isa = PBXBuildFile; fileRef = F33F0BCE2121B11C002E31B9 /* DataManager.swift */; };
		F34B909B20D46FA100800FCD /* DisplayHelper.swift in Sources */ = {isa = PBXBuildFile; fileRef = F34B909A20D46FA100800FCD /* DisplayHelper.swift */; };
		F354B7432164C7280026F3A2 /* IntroThirdNewViewController.swift in Sources */ = {isa = PBXBuildFile; fileRef = F354B7422164C7280026F3A2 /* IntroThirdNewViewController.swift */; };
		F354B7452164C7470026F3A2 /* IntroThirdNewViewModel.swift in Sources */ = {isa = PBXBuildFile; fileRef = F354B7442164C7470026F3A2 /* IntroThirdNewViewModel.swift */; };
		F354B7472164C7570026F3A2 /* IntroThirdNewModel.swift in Sources */ = {isa = PBXBuildFile; fileRef = F354B7462164C7570026F3A2 /* IntroThirdNewModel.swift */; };
		F354B74E2164FAFA0026F3A2 /* Localizable.strings in Resources */ = {isa = PBXBuildFile; fileRef = F354B7502164FAFA0026F3A2 /* Localizable.strings */; };
		F39059BB210F09C800CAA292 /* MenuItemCollectionViewCell.xib in Resources */ = {isa = PBXBuildFile; fileRef = F39059B9210F09C800CAA292 /* MenuItemCollectionViewCell.xib */; };
		F39059BF210F254C00CAA292 /* AnimationUtil.swift in Sources */ = {isa = PBXBuildFile; fileRef = F39059BE210F254C00CAA292 /* AnimationUtil.swift */; };
		F39059C1210F290F00CAA292 /* MenuViewModel.swift in Sources */ = {isa = PBXBuildFile; fileRef = F39059C0210F290F00CAA292 /* MenuViewModel.swift */; };
		F39059C32110473D00CAA292 /* MenuItems.swift in Sources */ = {isa = PBXBuildFile; fileRef = F39059C22110473D00CAA292 /* MenuItems.swift */; };
		F3A41ACC2161329000D2D8D6 /* LegalDocument.swift in Sources */ = {isa = PBXBuildFile; fileRef = F3A41ACB2161329000D2D8D6 /* LegalDocument.swift */; };
		F3A41ACE216147F100D2D8D6 /* LegalDocuments.swift in Sources */ = {isa = PBXBuildFile; fileRef = F3A41ACD216147F100D2D8D6 /* LegalDocuments.swift */; };
		F3B0C1CC2154BA1400E30CA1 /* GoogleService-Info.plist in Resources */ = {isa = PBXBuildFile; fileRef = F3B0C1CB2154BA1300E30CA1 /* GoogleService-Info.plist */; };
		F3C48CCB210F018200742855 /* MenuViewController.swift in Sources */ = {isa = PBXBuildFile; fileRef = F3C48CCA210F018200742855 /* MenuViewController.swift */; };
		F3CE691D213D70E6004F6756 /* GazeEstimator.mlmodel in Sources */ = {isa = PBXBuildFile; fileRef = F3CE691C213D70E6004F6756 /* GazeEstimator.mlmodel */; };
		F3CE6920213DB318004F6756 /* IntroFirstViewController.swift in Sources */ = {isa = PBXBuildFile; fileRef = F3CE691F213DB318004F6756 /* IntroFirstViewController.swift */; };
		F3CE6922213DB367004F6756 /* IntroFirstViewModel.swift in Sources */ = {isa = PBXBuildFile; fileRef = F3CE6921213DB367004F6756 /* IntroFirstViewModel.swift */; };
		F3CE6924213DB385004F6756 /* IntroFirstModel.swift in Sources */ = {isa = PBXBuildFile; fileRef = F3CE6923213DB385004F6756 /* IntroFirstModel.swift */; };
		F3CE9029215D3F8300A9F3DF /* IntroSecondNewViewController.swift in Sources */ = {isa = PBXBuildFile; fileRef = F3CE9028215D3F8300A9F3DF /* IntroSecondNewViewController.swift */; };
		F3CE902B215D3FE600A9F3DF /* IntroSeconNewViewModel.swift in Sources */ = {isa = PBXBuildFile; fileRef = F3CE902A215D3FE600A9F3DF /* IntroSeconNewViewModel.swift */; };
		F3CE902D215D3FFB00A9F3DF /* IntroSecondNewModel.swift in Sources */ = {isa = PBXBuildFile; fileRef = F3CE902C215D3FFB00A9F3DF /* IntroSecondNewModel.swift */; };
		F3D6D204214CF7F400A6231E /* IntroFourthViewController.swift in Sources */ = {isa = PBXBuildFile; fileRef = F3D6D203214CF7F400A6231E /* IntroFourthViewController.swift */; };
		F3D6D206214CF81300A6231E /* IntroFifthViewController.swift in Sources */ = {isa = PBXBuildFile; fileRef = F3D6D205214CF81300A6231E /* IntroFifthViewController.swift */; };
		F3D6D208214CF83900A6231E /* IntroFourthViewModel.swift in Sources */ = {isa = PBXBuildFile; fileRef = F3D6D207214CF83900A6231E /* IntroFourthViewModel.swift */; };
		F3D6D20A214CF84700A6231E /* IntroFourthModel.swift in Sources */ = {isa = PBXBuildFile; fileRef = F3D6D209214CF84700A6231E /* IntroFourthModel.swift */; };
		F3D6D20C214CF86500A6231E /* IntroFifthViewModel.swift in Sources */ = {isa = PBXBuildFile; fileRef = F3D6D20B214CF86500A6231E /* IntroFifthViewModel.swift */; };
		F3D6D20E214CF87800A6231E /* IntroFifthModel.swift in Sources */ = {isa = PBXBuildFile; fileRef = F3D6D20D214CF87800A6231E /* IntroFifthModel.swift */; };
		F3D6D210214CFB7D00A6231E /* UIImage+fixedOrientation.swift in Sources */ = {isa = PBXBuildFile; fileRef = F3D6D20F214CFB7C00A6231E /* UIImage+fixedOrientation.swift */; };
		F3DA017D2162905200D0625B /* WebviewViewController.swift in Sources */ = {isa = PBXBuildFile; fileRef = F3DA017C2162905200D0625B /* WebviewViewController.swift */; };
		F3DA017F2162907500D0625B /* WebviewViewModel.swift in Sources */ = {isa = PBXBuildFile; fileRef = F3DA017E2162907500D0625B /* WebviewViewModel.swift */; };
		F3DA0181216290BD00D0625B /* WebviewModel.swift in Sources */ = {isa = PBXBuildFile; fileRef = F3DA0180216290BD00D0625B /* WebviewModel.swift */; };
		F3DC2DAB20F8ADBA00CC276F /* Reachability.swift in Sources */ = {isa = PBXBuildFile; fileRef = F3DC2DAA20F8ADBA00CC276F /* Reachability.swift */; };
		F3E19CA6211B10FF00ADE838 /* HomeContainerViewController.swift in Sources */ = {isa = PBXBuildFile; fileRef = F3E19CA5211B10FF00ADE838 /* HomeContainerViewController.swift */; };
		F3E19CAA211C3CDB00ADE838 /* HomeContainerViewModel.swift in Sources */ = {isa = PBXBuildFile; fileRef = F3E19CA9211C3CDB00ADE838 /* HomeContainerViewModel.swift */; };
		F3E19CAC211C3CEE00ADE838 /* HomeContainerModel.swift in Sources */ = {isa = PBXBuildFile; fileRef = F3E19CAB211C3CEE00ADE838 /* HomeContainerModel.swift */; };
		F3E19CAE211C3D6400ADE838 /* InputAViewController.swift in Sources */ = {isa = PBXBuildFile; fileRef = F3E19CAD211C3D6400ADE838 /* InputAViewController.swift */; };
		F3E19CB0211C3DA500ADE838 /* InputAViewModel.swift in Sources */ = {isa = PBXBuildFile; fileRef = F3E19CAF211C3DA500ADE838 /* InputAViewModel.swift */; };
		F3E19CB2211C3DB400ADE838 /* InputAModel.swift in Sources */ = {isa = PBXBuildFile; fileRef = F3E19CB1211C3DB400ADE838 /* InputAModel.swift */; };
		F3E19CB6211D827000ADE838 /* MenuItemCollectionViewCell.swift in Sources */ = {isa = PBXBuildFile; fileRef = F3E19CB5211D827000ADE838 /* MenuItemCollectionViewCell.swift */; };
		F3E19CB9211D835500ADE838 /* SubMenuViewController.swift in Sources */ = {isa = PBXBuildFile; fileRef = F3E19CB8211D835500ADE838 /* SubMenuViewController.swift */; };
		F3E19CBB211D836B00ADE838 /* SubMenuViewModel.swift in Sources */ = {isa = PBXBuildFile; fileRef = F3E19CBA211D836B00ADE838 /* SubMenuViewModel.swift */; };
		F3E19CBD211D837900ADE838 /* SubMenuModel.swift in Sources */ = {isa = PBXBuildFile; fileRef = F3E19CBC211D837900ADE838 /* SubMenuModel.swift */; };
		F3E200C22135EC5E00902A33 /* FaceFinderDelegate.swift in Sources */ = {isa = PBXBuildFile; fileRef = F3E200BE2135EC5D00902A33 /* FaceFinderDelegate.swift */; };
		F3E200C52135EC5E00902A33 /* GazePredictionDelegate.swift in Sources */ = {isa = PBXBuildFile; fileRef = F3E200C12135EC5E00902A33 /* GazePredictionDelegate.swift */; };
		F3E200C92135F2D500902A33 /* UIApplication+getPresentedViewController.swift in Sources */ = {isa = PBXBuildFile; fileRef = F3E200C82135F2D500902A33 /* UIApplication+getPresentedViewController.swift */; };
		F3E200CD213664C700902A33 /* CMSampleBuffer+image.swift in Sources */ = {isa = PBXBuildFile; fileRef = F3E200CC213664C700902A33 /* CMSampleBuffer+image.swift */; };
		F3E97E5721422F3C00379B4A /* UIDevice+modelName.swift in Sources */ = {isa = PBXBuildFile; fileRef = F3E97E5621422F3C00379B4A /* UIDevice+modelName.swift */; };
		F3E97E5921422F4800379B4A /* GazeTracker.swift in Sources */ = {isa = PBXBuildFile; fileRef = F3E97E5821422F4800379B4A /* GazeTracker.swift */; };
		F3E97E5B21422F4F00379B4A /* FaceFinder.swift in Sources */ = {isa = PBXBuildFile; fileRef = F3E97E5A21422F4E00379B4A /* FaceFinder.swift */; };
		F3F4148C20F5F82000CF101D /* ReachabilityManager.swift in Sources */ = {isa = PBXBuildFile; fileRef = F3F4148B20F5F82000CF101D /* ReachabilityManager.swift */; };
		F3F8648321175BEE00B7CAA8 /* Colors.xcassets in Resources */ = {isa = PBXBuildFile; fileRef = F3F8648221175BEE00B7CAA8 /* Colors.xcassets */; };
/* End PBXBuildFile section */

/* Begin PBXContainerItemProxy section */
		F336588E20D318CB00B18CEC /* PBXContainerItemProxy */ = {
			isa = PBXContainerItemProxy;
			containerPortal = F336587120D318C300B18CEC /* Project object */;
			proxyType = 1;
			remoteGlobalIDString = F336587820D318C300B18CEC;
			remoteInfo = "in-ios";
		};
		F336589920D318CB00B18CEC /* PBXContainerItemProxy */ = {
			isa = PBXContainerItemProxy;
			containerPortal = F336587120D318C300B18CEC /* Project object */;
			proxyType = 1;
			remoteGlobalIDString = F336587820D318C300B18CEC;
			remoteInfo = "in-ios";
		};
/* End PBXContainerItemProxy section */

/* Begin PBXCopyFilesBuildPhase section */
		F33289D52132F20000D99B3A /* Embed Frameworks */ = {
			isa = PBXCopyFilesBuildPhase;
			buildActionMask = 2147483647;
			dstPath = "";
			dstSubfolderSpec = 10;
			files = (
			);
			name = "Embed Frameworks";
			runOnlyForDeploymentPostprocessing = 0;
		};
/* End PBXCopyFilesBuildPhase section */

/* Begin PBXFileReference section */
		0436C1AF7675FD89B89130B1 /* Pods-in-ios.release.xcconfig */ = {isa = PBXFileReference; includeInIndex = 1; lastKnownFileType = text.xcconfig; name = "Pods-in-ios.release.xcconfig"; path = "Pods/Target Support Files/Pods-in-ios/Pods-in-ios.release.xcconfig"; sourceTree = "<group>"; };
		1FE55CD425B19FE9092FD5CB /* Pods_in_ios.framework */ = {isa = PBXFileReference; explicitFileType = wrapper.framework; includeInIndex = 0; path = Pods_in_ios.framework; sourceTree = BUILT_PRODUCTS_DIR; };
		25BE18E2938B0416F1A1208F /* Pods-in-iosUITests.release.xcconfig */ = {isa = PBXFileReference; includeInIndex = 1; lastKnownFileType = text.xcconfig; name = "Pods-in-iosUITests.release.xcconfig"; path = "Pods/Target Support Files/Pods-in-iosUITests/Pods-in-iosUITests.release.xcconfig"; sourceTree = "<group>"; };
		397E883AB2F98A5771D9580D /* Pods-in-iosTests.release.xcconfig */ = {isa = PBXFileReference; includeInIndex = 1; lastKnownFileType = text.xcconfig; name = "Pods-in-iosTests.release.xcconfig"; path = "Pods/Target Support Files/Pods-in-iosTests/Pods-in-iosTests.release.xcconfig"; sourceTree = "<group>"; };
		66C1D52781DEEE2B40B45A6D /* Pods_in_iosUITests.framework */ = {isa = PBXFileReference; explicitFileType = wrapper.framework; includeInIndex = 0; path = Pods_in_iosUITests.framework; sourceTree = BUILT_PRODUCTS_DIR; };
		A936726B0D8064569E2F0074 /* Pods-in-ios.debug.xcconfig */ = {isa = PBXFileReference; includeInIndex = 1; lastKnownFileType = text.xcconfig; name = "Pods-in-ios.debug.xcconfig"; path = "Pods/Target Support Files/Pods-in-ios/Pods-in-ios.debug.xcconfig"; sourceTree = "<group>"; };
		B42F0B30A5BBAEFB8E745953 /* Pods-in-iosUITests.debug.xcconfig */ = {isa = PBXFileReference; includeInIndex = 1; lastKnownFileType = text.xcconfig; name = "Pods-in-iosUITests.debug.xcconfig"; path = "Pods/Target Support Files/Pods-in-iosUITests/Pods-in-iosUITests.debug.xcconfig"; sourceTree = "<group>"; };
		B81A848D9E4455FF68424AA1 /* Pods_in_iosTests.framework */ = {isa = PBXFileReference; explicitFileType = wrapper.framework; includeInIndex = 0; path = Pods_in_iosTests.framework; sourceTree = BUILT_PRODUCTS_DIR; };
		E9611E8F2164AC950010B33C /* ScreenTypeCMenuCollectionViewCell.swift */ = {isa = PBXFileReference; fileEncoding = 4; lastKnownFileType = sourcecode.swift; path = ScreenTypeCMenuCollectionViewCell.swift; sourceTree = "<group>"; };
		E9611E902164AC950010B33C /* ScreenTypeCMenuCollectionViewCell.xib */ = {isa = PBXFileReference; fileEncoding = 4; lastKnownFileType = file.xib; path = ScreenTypeCMenuCollectionViewCell.xib; sourceTree = "<group>"; };
		E9611E912164AC950010B33C /* ScreenTypeC.storyboard */ = {isa = PBXFileReference; fileEncoding = 4; lastKnownFileType = file.storyboard; path = ScreenTypeC.storyboard; sourceTree = "<group>"; };
		E9611E922164AC950010B33C /* ScreenTypeCViewController.swift */ = {isa = PBXFileReference; fileEncoding = 4; lastKnownFileType = sourcecode.swift; path = ScreenTypeCViewController.swift; sourceTree = "<group>"; };
		E9611E932164AC950010B33C /* ScreenTypeCViewModel.swift */ = {isa = PBXFileReference; fileEncoding = 4; lastKnownFileType = sourcecode.swift; path = ScreenTypeCViewModel.swift; sourceTree = "<group>"; };
		E9611E992164AE2D0010B33C /* IdentifierProtocol.swift */ = {isa = PBXFileReference; lastKnownFileType = sourcecode.swift; path = IdentifierProtocol.swift; sourceTree = "<group>"; };
		ED4FD3A654935E1287D7E3F3 /* Pods-in-iosTests.debug.xcconfig */ = {isa = PBXFileReference; includeInIndex = 1; lastKnownFileType = text.xcconfig; name = "Pods-in-iosTests.debug.xcconfig"; path = "Pods/Target Support Files/Pods-in-iosTests/Pods-in-iosTests.debug.xcconfig"; sourceTree = "<group>"; };
		F3216B5520F4EA15008D6EFD /* HomeViewController.swift */ = {isa = PBXFileReference; lastKnownFileType = sourcecode.swift; name = HomeViewController.swift; path = "in-ios/view/home/HomeViewController.swift"; sourceTree = SOURCE_ROOT; };
		F32D99C521117E79007AAA8D /* HomeModel.swift */ = {isa = PBXFileReference; lastKnownFileType = sourcecode.swift; path = HomeModel.swift; sourceTree = "<group>"; };
		F32D99C721117E8A007AAA8D /* MenuModel.swift */ = {isa = PBXFileReference; lastKnownFileType = sourcecode.swift; path = MenuModel.swift; sourceTree = "<group>"; };
		F32D99C921117EC7007AAA8D /* BaseViewModel.swift */ = {isa = PBXFileReference; lastKnownFileType = sourcecode.swift; path = BaseViewModel.swift; sourceTree = "<group>"; };
		F32D99CB21117EE8007AAA8D /* BaseModel.swift */ = {isa = PBXFileReference; lastKnownFileType = sourcecode.swift; path = BaseModel.swift; sourceTree = "<group>"; };
		F32DCED8214A41D100B3D0F8 /* INTextField.swift */ = {isa = PBXFileReference; lastKnownFileType = sourcecode.swift; path = INTextField.swift; sourceTree = "<group>"; };
		F32DCEDB214A64B000B3D0F8 /* IntroThirdViewController.swift */ = {isa = PBXFileReference; lastKnownFileType = sourcecode.swift; path = IntroThirdViewController.swift; sourceTree = "<group>"; };
		F32DCEDD214A652000B3D0F8 /* IntroThirdViewModel.swift */ = {isa = PBXFileReference; lastKnownFileType = sourcecode.swift; path = IntroThirdViewModel.swift; sourceTree = "<group>"; };
		F32DCEDF214A654400B3D0F8 /* IntroThirdModel.swift */ = {isa = PBXFileReference; lastKnownFileType = sourcecode.swift; path = IntroThirdModel.swift; sourceTree = "<group>"; };
		F32F5B6421453DCC00558C68 /* IntroSecondViewController.swift */ = {isa = PBXFileReference; lastKnownFileType = sourcecode.swift; path = IntroSecondViewController.swift; sourceTree = "<group>"; };
		F32F5B6621453DFB00558C68 /* IntroSecondViewModel.swift */ = {isa = PBXFileReference; lastKnownFileType = sourcecode.swift; path = IntroSecondViewModel.swift; sourceTree = "<group>"; };
		F32F5B6821453E0B00558C68 /* IntroSecondModel.swift */ = {isa = PBXFileReference; lastKnownFileType = sourcecode.swift; path = IntroSecondModel.swift; sourceTree = "<group>"; };
		F331EA7D211303880000B4E6 /* TopMenuItemCollectionViewCell.swift */ = {isa = PBXFileReference; lastKnownFileType = sourcecode.swift; path = TopMenuItemCollectionViewCell.swift; sourceTree = "<group>"; };
		F331EA7E211303880000B4E6 /* TopMenuItemCollectionViewCell.xib */ = {isa = PBXFileReference; lastKnownFileType = file.xib; path = TopMenuItemCollectionViewCell.xib; sourceTree = "<group>"; };
		F334ADBB2104E7970056824A /* CameraManager.swift */ = {isa = PBXFileReference; lastKnownFileType = sourcecode.swift; path = CameraManager.swift; sourceTree = "<group>"; };
		F334ADBD2105DA490056824A /* SpeechHelper.swift */ = {isa = PBXFileReference; lastKnownFileType = sourcecode.swift; path = SpeechHelper.swift; sourceTree = "<group>"; };
		F334ADBF2106E86E0056824A /* NavigationHelper.swift */ = {isa = PBXFileReference; lastKnownFileType = sourcecode.swift; path = NavigationHelper.swift; sourceTree = "<group>"; };
		F334ADC4210B3BC00056824A /* ApiRequestHandler.swift */ = {isa = PBXFileReference; lastKnownFileType = sourcecode.swift; path = ApiRequestHandler.swift; sourceTree = "<group>"; };
		F334ADC7210D7A370056824A /* MenuItem.swift */ = {isa = PBXFileReference; lastKnownFileType = sourcecode.swift; path = MenuItem.swift; sourceTree = "<group>"; };
		F334ADC9210D7F890056824A /* HomeViewModel.swift */ = {isa = PBXFileReference; lastKnownFileType = sourcecode.swift; path = HomeViewModel.swift; sourceTree = "<group>"; };
		F3355CE72121E04F009AF602 /* InputScreen.swift */ = {isa = PBXFileReference; lastKnownFileType = sourcecode.swift; path = InputScreen.swift; sourceTree = "<group>"; };
		F3355CE92122BE79009AF602 /* InputScreens.swift */ = {isa = PBXFileReference; lastKnownFileType = sourcecode.swift; path = InputScreens.swift; sourceTree = "<group>"; };
		F3355CEC2122E88C009AF602 /* LoadingViewController.swift */ = {isa = PBXFileReference; lastKnownFileType = sourcecode.swift; path = LoadingViewController.swift; sourceTree = "<group>"; };
		F3355CEE2122E8F3009AF602 /* LoadingViewModel.swift */ = {isa = PBXFileReference; lastKnownFileType = sourcecode.swift; path = LoadingViewModel.swift; sourceTree = "<group>"; };
		F3355CF02122E904009AF602 /* LoadingModel.swift */ = {isa = PBXFileReference; lastKnownFileType = sourcecode.swift; path = LoadingModel.swift; sourceTree = "<group>"; };
		F3355CF221240F6C009AF602 /* TopMenuItemExpandedCollectionViewCell.swift */ = {isa = PBXFileReference; lastKnownFileType = sourcecode.swift; path = TopMenuItemExpandedCollectionViewCell.swift; sourceTree = "<group>"; };
		F3355CF321240F6C009AF602 /* TopMenuItemExpandedCollectionViewCell.xib */ = {isa = PBXFileReference; lastKnownFileType = file.xib; path = TopMenuItemExpandedCollectionViewCell.xib; sourceTree = "<group>"; };
		F336587920D318C300B18CEC /* in-ios.app */ = {isa = PBXFileReference; explicitFileType = wrapper.application; includeInIndex = 0; path = "in-ios.app"; sourceTree = BUILT_PRODUCTS_DIR; };
		F336587C20D318C300B18CEC /* AppDelegate.swift */ = {isa = PBXFileReference; lastKnownFileType = sourcecode.swift; path = AppDelegate.swift; sourceTree = "<group>"; };
		F336587E20D318C300B18CEC /* BaseViewController.swift */ = {isa = PBXFileReference; lastKnownFileType = sourcecode.swift; path = BaseViewController.swift; sourceTree = "<group>"; };
		F336588120D318C300B18CEC /* Base */ = {isa = PBXFileReference; lastKnownFileType = file.storyboard; name = Base; path = Base.lproj/Main.storyboard; sourceTree = "<group>"; };
		F336588320D318CA00B18CEC /* Assets.xcassets */ = {isa = PBXFileReference; lastKnownFileType = folder.assetcatalog; path = Assets.xcassets; sourceTree = "<group>"; };
		F336588620D318CA00B18CEC /* Base */ = {isa = PBXFileReference; lastKnownFileType = file.storyboard; name = Base; path = Base.lproj/LaunchScreen.storyboard; sourceTree = "<group>"; };
		F336588820D318CA00B18CEC /* Info.plist */ = {isa = PBXFileReference; lastKnownFileType = text.plist.xml; path = Info.plist; sourceTree = "<group>"; };
		F336588D20D318CB00B18CEC /* in-iosTests.xctest */ = {isa = PBXFileReference; explicitFileType = wrapper.cfbundle; includeInIndex = 0; path = "in-iosTests.xctest"; sourceTree = BUILT_PRODUCTS_DIR; };
		F336589120D318CB00B18CEC /* in_iosTests.swift */ = {isa = PBXFileReference; lastKnownFileType = sourcecode.swift; path = in_iosTests.swift; sourceTree = "<group>"; };
		F336589320D318CB00B18CEC /* Info.plist */ = {isa = PBXFileReference; lastKnownFileType = text.plist.xml; path = Info.plist; sourceTree = "<group>"; };
		F336589820D318CB00B18CEC /* in-iosUITests.xctest */ = {isa = PBXFileReference; explicitFileType = wrapper.cfbundle; includeInIndex = 0; path = "in-iosUITests.xctest"; sourceTree = BUILT_PRODUCTS_DIR; };
		F336589C20D318CB00B18CEC /* in_iosUITests.swift */ = {isa = PBXFileReference; lastKnownFileType = sourcecode.swift; path = in_iosUITests.swift; sourceTree = "<group>"; };
		F336589E20D318CB00B18CEC /* Info.plist */ = {isa = PBXFileReference; lastKnownFileType = text.plist.xml; path = Info.plist; sourceTree = "<group>"; };
		F33658AD20D3198000B18CEC /* Constant.swift */ = {isa = PBXFileReference; lastKnownFileType = sourcecode.swift; path = Constant.swift; sourceTree = "<group>"; };
		F33F0BCE2121B11C002E31B9 /* DataManager.swift */ = {isa = PBXFileReference; lastKnownFileType = sourcecode.swift; path = DataManager.swift; sourceTree = "<group>"; };
		F34B909A20D46FA100800FCD /* DisplayHelper.swift */ = {isa = PBXFileReference; lastKnownFileType = sourcecode.swift; path = DisplayHelper.swift; sourceTree = "<group>"; };
		F354B7422164C7280026F3A2 /* IntroThirdNewViewController.swift */ = {isa = PBXFileReference; lastKnownFileType = sourcecode.swift; path = IntroThirdNewViewController.swift; sourceTree = "<group>"; };
		F354B7442164C7470026F3A2 /* IntroThirdNewViewModel.swift */ = {isa = PBXFileReference; lastKnownFileType = sourcecode.swift; path = IntroThirdNewViewModel.swift; sourceTree = "<group>"; };
		F354B7462164C7570026F3A2 /* IntroThirdNewModel.swift */ = {isa = PBXFileReference; lastKnownFileType = sourcecode.swift; path = IntroThirdNewModel.swift; sourceTree = "<group>"; };
		F354B74A2164F9A10026F3A2 /* fr */ = {isa = PBXFileReference; lastKnownFileType = text.plist.strings; name = fr; path = fr.lproj/Main.strings; sourceTree = "<group>"; };
		F354B74B2164F9A20026F3A2 /* fr */ = {isa = PBXFileReference; lastKnownFileType = text.plist.strings; name = fr; path = fr.lproj/LaunchScreen.strings; sourceTree = "<group>"; };
		F354B74C2164F9C20026F3A2 /* es */ = {isa = PBXFileReference; lastKnownFileType = text.plist.strings; name = es; path = es.lproj/Main.strings; sourceTree = "<group>"; };
		F354B74D2164F9C20026F3A2 /* es */ = {isa = PBXFileReference; lastKnownFileType = text.plist.strings; name = es; path = es.lproj/LaunchScreen.strings; sourceTree = "<group>"; };
		F354B74F2164FAFA0026F3A2 /* fr */ = {isa = PBXFileReference; lastKnownFileType = text.plist.strings; name = fr; path = fr.lproj/Localizable.strings; sourceTree = "<group>"; };
		F354B7512164FAFF0026F3A2 /* es */ = {isa = PBXFileReference; lastKnownFileType = text.plist.strings; name = es; path = es.lproj/Localizable.strings; sourceTree = "<group>"; };
		F354B7522164FB030026F3A2 /* en */ = {isa = PBXFileReference; lastKnownFileType = text.plist.strings; name = en; path = en.lproj/Localizable.strings; sourceTree = "<group>"; };
		F39059B9210F09C800CAA292 /* MenuItemCollectionViewCell.xib */ = {isa = PBXFileReference; lastKnownFileType = file.xib; path = MenuItemCollectionViewCell.xib; sourceTree = "<group>"; };
		F39059BE210F254C00CAA292 /* AnimationUtil.swift */ = {isa = PBXFileReference; lastKnownFileType = sourcecode.swift; path = AnimationUtil.swift; sourceTree = "<group>"; };
		F39059C0210F290F00CAA292 /* MenuViewModel.swift */ = {isa = PBXFileReference; lastKnownFileType = sourcecode.swift; path = MenuViewModel.swift; sourceTree = "<group>"; };
		F39059C22110473D00CAA292 /* MenuItems.swift */ = {isa = PBXFileReference; lastKnownFileType = sourcecode.swift; path = MenuItems.swift; sourceTree = "<group>"; };
		F3A41ACB2161329000D2D8D6 /* LegalDocument.swift */ = {isa = PBXFileReference; lastKnownFileType = sourcecode.swift; path = LegalDocument.swift; sourceTree = "<group>"; };
		F3A41ACD216147F100D2D8D6 /* LegalDocuments.swift */ = {isa = PBXFileReference; lastKnownFileType = sourcecode.swift; path = LegalDocuments.swift; sourceTree = "<group>"; };
		F3B0C1CB2154BA1300E30CA1 /* GoogleService-Info.plist */ = {isa = PBXFileReference; fileEncoding = 4; lastKnownFileType = text.plist.xml; path = "GoogleService-Info.plist"; sourceTree = "<group>"; };
		F3C48CCA210F018200742855 /* MenuViewController.swift */ = {isa = PBXFileReference; lastKnownFileType = sourcecode.swift; path = MenuViewController.swift; sourceTree = "<group>"; };
		F3CE691C213D70E6004F6756 /* GazeEstimator.mlmodel */ = {isa = PBXFileReference; lastKnownFileType = file.mlmodel; path = GazeEstimator.mlmodel; sourceTree = "<group>"; };
		F3CE691F213DB318004F6756 /* IntroFirstViewController.swift */ = {isa = PBXFileReference; lastKnownFileType = sourcecode.swift; path = IntroFirstViewController.swift; sourceTree = "<group>"; };
		F3CE6921213DB367004F6756 /* IntroFirstViewModel.swift */ = {isa = PBXFileReference; lastKnownFileType = sourcecode.swift; path = IntroFirstViewModel.swift; sourceTree = "<group>"; };
		F3CE6923213DB385004F6756 /* IntroFirstModel.swift */ = {isa = PBXFileReference; lastKnownFileType = sourcecode.swift; path = IntroFirstModel.swift; sourceTree = "<group>"; };
		F3CE9028215D3F8300A9F3DF /* IntroSecondNewViewController.swift */ = {isa = PBXFileReference; lastKnownFileType = sourcecode.swift; path = IntroSecondNewViewController.swift; sourceTree = "<group>"; };
		F3CE902A215D3FE600A9F3DF /* IntroSeconNewViewModel.swift */ = {isa = PBXFileReference; lastKnownFileType = sourcecode.swift; path = IntroSeconNewViewModel.swift; sourceTree = "<group>"; };
		F3CE902C215D3FFB00A9F3DF /* IntroSecondNewModel.swift */ = {isa = PBXFileReference; lastKnownFileType = sourcecode.swift; path = IntroSecondNewModel.swift; sourceTree = "<group>"; };
		F3D6D203214CF7F400A6231E /* IntroFourthViewController.swift */ = {isa = PBXFileReference; lastKnownFileType = sourcecode.swift; path = IntroFourthViewController.swift; sourceTree = "<group>"; };
		F3D6D205214CF81300A6231E /* IntroFifthViewController.swift */ = {isa = PBXFileReference; lastKnownFileType = sourcecode.swift; path = IntroFifthViewController.swift; sourceTree = "<group>"; };
		F3D6D207214CF83900A6231E /* IntroFourthViewModel.swift */ = {isa = PBXFileReference; lastKnownFileType = sourcecode.swift; path = IntroFourthViewModel.swift; sourceTree = "<group>"; };
		F3D6D209214CF84700A6231E /* IntroFourthModel.swift */ = {isa = PBXFileReference; lastKnownFileType = sourcecode.swift; path = IntroFourthModel.swift; sourceTree = "<group>"; };
		F3D6D20B214CF86500A6231E /* IntroFifthViewModel.swift */ = {isa = PBXFileReference; lastKnownFileType = sourcecode.swift; path = IntroFifthViewModel.swift; sourceTree = "<group>"; };
		F3D6D20D214CF87800A6231E /* IntroFifthModel.swift */ = {isa = PBXFileReference; lastKnownFileType = sourcecode.swift; path = IntroFifthModel.swift; sourceTree = "<group>"; };
		F3D6D20F214CFB7C00A6231E /* UIImage+fixedOrientation.swift */ = {isa = PBXFileReference; fileEncoding = 4; lastKnownFileType = sourcecode.swift; path = "UIImage+fixedOrientation.swift"; sourceTree = "<group>"; };
		F3DA017C2162905200D0625B /* WebviewViewController.swift */ = {isa = PBXFileReference; lastKnownFileType = sourcecode.swift; path = WebviewViewController.swift; sourceTree = "<group>"; };
		F3DA017E2162907500D0625B /* WebviewViewModel.swift */ = {isa = PBXFileReference; lastKnownFileType = sourcecode.swift; path = WebviewViewModel.swift; sourceTree = "<group>"; };
		F3DA0180216290BD00D0625B /* WebviewModel.swift */ = {isa = PBXFileReference; lastKnownFileType = sourcecode.swift; path = WebviewModel.swift; sourceTree = "<group>"; };
		F3DC2DAA20F8ADBA00CC276F /* Reachability.swift */ = {isa = PBXFileReference; lastKnownFileType = sourcecode.swift; path = Reachability.swift; sourceTree = "<group>"; };
		F3E19CA5211B10FF00ADE838 /* HomeContainerViewController.swift */ = {isa = PBXFileReference; lastKnownFileType = sourcecode.swift; path = HomeContainerViewController.swift; sourceTree = "<group>"; };
		F3E19CA9211C3CDB00ADE838 /* HomeContainerViewModel.swift */ = {isa = PBXFileReference; lastKnownFileType = sourcecode.swift; path = HomeContainerViewModel.swift; sourceTree = "<group>"; };
		F3E19CAB211C3CEE00ADE838 /* HomeContainerModel.swift */ = {isa = PBXFileReference; lastKnownFileType = sourcecode.swift; path = HomeContainerModel.swift; sourceTree = "<group>"; };
		F3E19CAD211C3D6400ADE838 /* InputAViewController.swift */ = {isa = PBXFileReference; lastKnownFileType = sourcecode.swift; path = InputAViewController.swift; sourceTree = "<group>"; };
		F3E19CAF211C3DA500ADE838 /* InputAViewModel.swift */ = {isa = PBXFileReference; lastKnownFileType = sourcecode.swift; path = InputAViewModel.swift; sourceTree = "<group>"; };
		F3E19CB1211C3DB400ADE838 /* InputAModel.swift */ = {isa = PBXFileReference; lastKnownFileType = sourcecode.swift; path = InputAModel.swift; sourceTree = "<group>"; };
		F3E19CB5211D827000ADE838 /* MenuItemCollectionViewCell.swift */ = {isa = PBXFileReference; lastKnownFileType = sourcecode.swift; path = MenuItemCollectionViewCell.swift; sourceTree = "<group>"; };
		F3E19CB8211D835500ADE838 /* SubMenuViewController.swift */ = {isa = PBXFileReference; lastKnownFileType = sourcecode.swift; path = SubMenuViewController.swift; sourceTree = "<group>"; };
		F3E19CBA211D836B00ADE838 /* SubMenuViewModel.swift */ = {isa = PBXFileReference; lastKnownFileType = sourcecode.swift; path = SubMenuViewModel.swift; sourceTree = "<group>"; };
		F3E19CBC211D837900ADE838 /* SubMenuModel.swift */ = {isa = PBXFileReference; lastKnownFileType = sourcecode.swift; path = SubMenuModel.swift; sourceTree = "<group>"; };
		F3E200BE2135EC5D00902A33 /* FaceFinderDelegate.swift */ = {isa = PBXFileReference; fileEncoding = 4; lastKnownFileType = sourcecode.swift; path = FaceFinderDelegate.swift; sourceTree = "<group>"; };
		F3E200C12135EC5E00902A33 /* GazePredictionDelegate.swift */ = {isa = PBXFileReference; fileEncoding = 4; lastKnownFileType = sourcecode.swift; path = GazePredictionDelegate.swift; sourceTree = "<group>"; };
		F3E200C82135F2D500902A33 /* UIApplication+getPresentedViewController.swift */ = {isa = PBXFileReference; lastKnownFileType = sourcecode.swift; path = "UIApplication+getPresentedViewController.swift"; sourceTree = "<group>"; };
		F3E200CC213664C700902A33 /* CMSampleBuffer+image.swift */ = {isa = PBXFileReference; lastKnownFileType = sourcecode.swift; path = "CMSampleBuffer+image.swift"; sourceTree = "<group>"; };
		F3E97E5621422F3C00379B4A /* UIDevice+modelName.swift */ = {isa = PBXFileReference; fileEncoding = 4; lastKnownFileType = sourcecode.swift; path = "UIDevice+modelName.swift"; sourceTree = "<group>"; };
		F3E97E5821422F4800379B4A /* GazeTracker.swift */ = {isa = PBXFileReference; fileEncoding = 4; lastKnownFileType = sourcecode.swift; path = GazeTracker.swift; sourceTree = "<group>"; };
		F3E97E5A21422F4E00379B4A /* FaceFinder.swift */ = {isa = PBXFileReference; fileEncoding = 4; lastKnownFileType = sourcecode.swift; path = FaceFinder.swift; sourceTree = "<group>"; };
		F3F4148B20F5F82000CF101D /* ReachabilityManager.swift */ = {isa = PBXFileReference; lastKnownFileType = sourcecode.swift; path = ReachabilityManager.swift; sourceTree = "<group>"; };
		F3F8648221175BEE00B7CAA8 /* Colors.xcassets */ = {isa = PBXFileReference; lastKnownFileType = folder.assetcatalog; path = Colors.xcassets; sourceTree = "<group>"; };
/* End PBXFileReference section */

/* Begin PBXFrameworksBuildPhase section */
		F336587620D318C300B18CEC /* Frameworks */ = {
			isa = PBXFrameworksBuildPhase;
			buildActionMask = 2147483647;
			files = (
				52A449027D84CDDD257B8A19 /* Pods_in_ios.framework in Frameworks */,
			);
			runOnlyForDeploymentPostprocessing = 0;
		};
		F336588A20D318CB00B18CEC /* Frameworks */ = {
			isa = PBXFrameworksBuildPhase;
			buildActionMask = 2147483647;
			files = (
				1FB2B43D39F330625AB42FAA /* Pods_in_iosTests.framework in Frameworks */,
			);
			runOnlyForDeploymentPostprocessing = 0;
		};
		F336589520D318CB00B18CEC /* Frameworks */ = {
			isa = PBXFrameworksBuildPhase;
			buildActionMask = 2147483647;
			files = (
				E3A238980EAF1E942B02D63A /* Pods_in_iosUITests.framework in Frameworks */,
			);
			runOnlyForDeploymentPostprocessing = 0;
		};
/* End PBXFrameworksBuildPhase section */

/* Begin PBXGroup section */
		07D5130C12139C240063466A /* Frameworks */ = {
			isa = PBXGroup;
			children = (
				1FE55CD425B19FE9092FD5CB /* Pods_in_ios.framework */,
				B81A848D9E4455FF68424AA1 /* Pods_in_iosTests.framework */,
				66C1D52781DEEE2B40B45A6D /* Pods_in_iosUITests.framework */,
			);
			name = Frameworks;
			sourceTree = "<group>";
		};
		32F7A23619F21B9382A8268D /* Pods */ = {
			isa = PBXGroup;
			children = (
				A936726B0D8064569E2F0074 /* Pods-in-ios.debug.xcconfig */,
				0436C1AF7675FD89B89130B1 /* Pods-in-ios.release.xcconfig */,
				ED4FD3A654935E1287D7E3F3 /* Pods-in-iosTests.debug.xcconfig */,
				397E883AB2F98A5771D9580D /* Pods-in-iosTests.release.xcconfig */,
				B42F0B30A5BBAEFB8E745953 /* Pods-in-iosUITests.debug.xcconfig */,
				25BE18E2938B0416F1A1208F /* Pods-in-iosUITests.release.xcconfig */,
			);
			name = Pods;
			sourceTree = "<group>";
		};
		E9611E8D2164AC950010B33C /* ScreenTypeC */ = {
			isa = PBXGroup;
			children = (
				E9611E8E2164AC950010B33C /* Cells */,
				E9611E912164AC950010B33C /* ScreenTypeC.storyboard */,
				E9611E922164AC950010B33C /* ScreenTypeCViewController.swift */,
				E9611E932164AC950010B33C /* ScreenTypeCViewModel.swift */,
			);
			path = ScreenTypeC;
			sourceTree = "<group>";
		};
		E9611E8E2164AC950010B33C /* Cells */ = {
			isa = PBXGroup;
			children = (
				E9611E8F2164AC950010B33C /* ScreenTypeCMenuCollectionViewCell.swift */,
				E9611E902164AC950010B33C /* ScreenTypeCMenuCollectionViewCell.xib */,
			);
			path = Cells;
			sourceTree = "<group>";
		};
		F3283D70213013BA004B4FBE /* in-eye-gaze */ = {
			isa = PBXGroup;
			children = (
				F3CE691C213D70E6004F6756 /* GazeEstimator.mlmodel */,
				F3E97E5821422F4800379B4A /* GazeTracker.swift */,
				F3E97E5A21422F4E00379B4A /* FaceFinder.swift */,
				F3E200BE2135EC5D00902A33 /* FaceFinderDelegate.swift */,
				F3E200C12135EC5E00902A33 /* GazePredictionDelegate.swift */,
				F3E97E552141B5B000379B4A /* extension */,
			);
			path = "in-eye-gaze";
			sourceTree = "<group>";
		};
		F32D99CD211189D9007AAA8D /* home */ = {
			isa = PBXGroup;
			children = (
				F3216B5520F4EA15008D6EFD /* HomeViewController.swift */,
				F334ADC9210D7F890056824A /* HomeViewModel.swift */,
				F32D99C521117E79007AAA8D /* HomeModel.swift */,
			);
			path = home;
			sourceTree = "<group>";
		};
		F32D99CE21118A09007AAA8D /* menu */ = {
			isa = PBXGroup;
			children = (
				F3C48CCA210F018200742855 /* MenuViewController.swift */,
				F39059C0210F290F00CAA292 /* MenuViewModel.swift */,
				F32D99C721117E8A007AAA8D /* MenuModel.swift */,
			);
			path = menu;
			sourceTree = "<group>";
		};
		F32DCEDA214A646E00B3D0F8 /* intro-third */ = {
			isa = PBXGroup;
			children = (
				F32DCEDB214A64B000B3D0F8 /* IntroThirdViewController.swift */,
				F32DCEDD214A652000B3D0F8 /* IntroThirdViewModel.swift */,
				F32DCEDF214A654400B3D0F8 /* IntroThirdModel.swift */,
			);
			path = "intro-third";
			sourceTree = "<group>";
		};
		F32F5B6321453C7500558C68 /* intro-second */ = {
			isa = PBXGroup;
			children = (
				F32F5B6421453DCC00558C68 /* IntroSecondViewController.swift */,
				F32F5B6621453DFB00558C68 /* IntroSecondViewModel.swift */,
				F32F5B6821453E0B00558C68 /* IntroSecondModel.swift */,
			);
			path = "intro-second";
			sourceTree = "<group>";
		};
		F331EA8321136F5C0000B4E6 /* extension */ = {
			isa = PBXGroup;
			children = (
				F3D6D20F214CFB7C00A6231E /* UIImage+fixedOrientation.swift */,
				F3E200C82135F2D500902A33 /* UIApplication+getPresentedViewController.swift */,
				F3E200CC213664C700902A33 /* CMSampleBuffer+image.swift */,
				F32DCED8214A41D100B3D0F8 /* INTextField.swift */,
				E9611E992164AE2D0010B33C /* IdentifierProtocol.swift */,
			);
			path = extension;
			sourceTree = "<group>";
		};
		F334ADC1210B35570056824A /* api */ = {
			isa = PBXGroup;
			children = (
				F334ADC4210B3BC00056824A /* ApiRequestHandler.swift */,
			);
			path = api;
			sourceTree = "<group>";
		};
		F334ADC6210D793B0056824A /* model */ = {
			isa = PBXGroup;
			children = (
				F334ADC7210D7A370056824A /* MenuItem.swift */,
				F39059C22110473D00CAA292 /* MenuItems.swift */,
				F3355CE72121E04F009AF602 /* InputScreen.swift */,
				F3355CE92122BE79009AF602 /* InputScreens.swift */,
				F3A41ACB2161329000D2D8D6 /* LegalDocument.swift */,
				F3A41ACD216147F100D2D8D6 /* LegalDocuments.swift */,
			);
			path = model;
			sourceTree = "<group>";
		};
		F3355CEB2122E83D009AF602 /* loading */ = {
			isa = PBXGroup;
			children = (
				F3355CEC2122E88C009AF602 /* LoadingViewController.swift */,
				F3355CEE2122E8F3009AF602 /* LoadingViewModel.swift */,
				F3355CF02122E904009AF602 /* LoadingModel.swift */,
			);
			path = loading;
			sourceTree = "<group>";
		};
		F336587020D318C300B18CEC = {
			isa = PBXGroup;
			children = (
				F336587B20D318C300B18CEC /* in-ios */,
				F336589020D318CB00B18CEC /* in-iosTests */,
				F336589B20D318CB00B18CEC /* in-iosUITests */,
				F336587A20D318C300B18CEC /* Products */,
				07D5130C12139C240063466A /* Frameworks */,
				32F7A23619F21B9382A8268D /* Pods */,
			);
			sourceTree = "<group>";
		};
		F336587A20D318C300B18CEC /* Products */ = {
			isa = PBXGroup;
			children = (
				F336587920D318C300B18CEC /* in-ios.app */,
				F336588D20D318CB00B18CEC /* in-iosTests.xctest */,
				F336589820D318CB00B18CEC /* in-iosUITests.xctest */,
			);
			name = Products;
			sourceTree = "<group>";
		};
		F336587B20D318C300B18CEC /* in-ios */ = {
			isa = PBXGroup;
			children = (
				F3283D70213013BA004B4FBE /* in-eye-gaze */,
				F331EA8321136F5C0000B4E6 /* extension */,
				F33658AC20D3197100B18CEC /* view */,
				F33658AB20D3196C00B18CEC /* util */,
				F33658AA20D3196500B18CEC /* helper */,
				F33F0BCD2121B0E7002E31B9 /* dao */,
				F334ADC1210B35570056824A /* api */,
				F336587C20D318C300B18CEC /* AppDelegate.swift */,
				F336588320D318CA00B18CEC /* Assets.xcassets */,
				F3F8648221175BEE00B7CAA8 /* Colors.xcassets */,
				F336588820D318CA00B18CEC /* Info.plist */,
				F3B0C1CB2154BA1300E30CA1 /* GoogleService-Info.plist */,
				F354B7502164FAFA0026F3A2 /* Localizable.strings */,
			);
			path = "in-ios";
			sourceTree = "<group>";
		};
		F336589020D318CB00B18CEC /* in-iosTests */ = {
			isa = PBXGroup;
			children = (
				F336589120D318CB00B18CEC /* in_iosTests.swift */,
				F336589320D318CB00B18CEC /* Info.plist */,
			);
			path = "in-iosTests";
			sourceTree = "<group>";
		};
		F336589B20D318CB00B18CEC /* in-iosUITests */ = {
			isa = PBXGroup;
			children = (
				F336589C20D318CB00B18CEC /* in_iosUITests.swift */,
				F336589E20D318CB00B18CEC /* Info.plist */,
			);
			path = "in-iosUITests";
			sourceTree = "<group>";
		};
		F33658AA20D3196500B18CEC /* helper */ = {
			isa = PBXGroup;
			children = (
				F34B909A20D46FA100800FCD /* DisplayHelper.swift */,
				F3F4148B20F5F82000CF101D /* ReachabilityManager.swift */,
				F3DC2DAA20F8ADBA00CC276F /* Reachability.swift */,
				F334ADBB2104E7970056824A /* CameraManager.swift */,
				F334ADBD2105DA490056824A /* SpeechHelper.swift */,
				F334ADBF2106E86E0056824A /* NavigationHelper.swift */,
			);
			path = helper;
			sourceTree = "<group>";
		};
		F33658AB20D3196C00B18CEC /* util */ = {
			isa = PBXGroup;
			children = (
				F33658AD20D3198000B18CEC /* Constant.swift */,
				F39059BE210F254C00CAA292 /* AnimationUtil.swift */,
			);
			path = util;
			sourceTree = "<group>";
		};
		F33658AC20D3197100B18CEC /* view */ = {
			isa = PBXGroup;
			children = (
				F336588020D318C300B18CEC /* Main.storyboard */,
				F336588520D318CA00B18CEC /* LaunchScreen.storyboard */,
				F336587E20D318C300B18CEC /* BaseViewController.swift */,
				F32D99C921117EC7007AAA8D /* BaseViewModel.swift */,
				F32D99CB21117EE8007AAA8D /* BaseModel.swift */,
				F3C48CC1210EE4E400742855 /* cell */,
				F334ADC6210D793B0056824A /* model */,
				F3DA017B2162901400D0625B /* webview */,
				F3355CEB2122E83D009AF602 /* loading */,
				F3CE691E213DB2CA004F6756 /* intro-first */,
				F3CE9027215D3F2300A9F3DF /* intro-second-new */,
				F32F5B6321453C7500558C68 /* intro-second */,
				F354B7412164C6A40026F3A2 /* intro-third-new */,
				F32DCEDA214A646E00B3D0F8 /* intro-third */,
				F3D6D201214CF7AD00A6231E /* intro-fourth */,
				F3D6D202214CF7BA00A6231E /* intro-fifth */,
				F32D99CD211189D9007AAA8D /* home */,
				F3E19CA7211C3C3A00ADE838 /* homecontainer */,
				F32D99CE21118A09007AAA8D /* menu */,
				F3E19CB7211D832F00ADE838 /* submenu */,
				F3E19CA8211C3C6D00ADE838 /* inputscreen */,
				E9611E8D2164AC950010B33C /* ScreenTypeC */,
			);
			path = view;
			sourceTree = "<group>";
		};
		F33F0BCD2121B0E7002E31B9 /* dao */ = {
			isa = PBXGroup;
			children = (
				F33F0BCE2121B11C002E31B9 /* DataManager.swift */,
			);
			path = dao;
			sourceTree = "<group>";
		};
		F354B7412164C6A40026F3A2 /* intro-third-new */ = {
			isa = PBXGroup;
			children = (
				F354B7422164C7280026F3A2 /* IntroThirdNewViewController.swift */,
				F354B7442164C7470026F3A2 /* IntroThirdNewViewModel.swift */,
				F354B7462164C7570026F3A2 /* IntroThirdNewModel.swift */,
			);
			path = "intro-third-new";
			sourceTree = "<group>";
		};
		F3C48CC1210EE4E400742855 /* cell */ = {
			isa = PBXGroup;
			children = (
				F331EA7D211303880000B4E6 /* TopMenuItemCollectionViewCell.swift */,
				F331EA7E211303880000B4E6 /* TopMenuItemCollectionViewCell.xib */,
				F3355CF221240F6C009AF602 /* TopMenuItemExpandedCollectionViewCell.swift */,
				F3355CF321240F6C009AF602 /* TopMenuItemExpandedCollectionViewCell.xib */,
				F3E19CB5211D827000ADE838 /* MenuItemCollectionViewCell.swift */,
				F39059B9210F09C800CAA292 /* MenuItemCollectionViewCell.xib */,
			);
			path = cell;
			sourceTree = "<group>";
		};
		F3CE691E213DB2CA004F6756 /* intro-first */ = {
			isa = PBXGroup;
			children = (
				F3CE691F213DB318004F6756 /* IntroFirstViewController.swift */,
				F3CE6921213DB367004F6756 /* IntroFirstViewModel.swift */,
				F3CE6923213DB385004F6756 /* IntroFirstModel.swift */,
			);
			path = "intro-first";
			sourceTree = "<group>";
		};
		F3CE9027215D3F2300A9F3DF /* intro-second-new */ = {
			isa = PBXGroup;
			children = (
				F3CE9028215D3F8300A9F3DF /* IntroSecondNewViewController.swift */,
				F3CE902A215D3FE600A9F3DF /* IntroSeconNewViewModel.swift */,
				F3CE902C215D3FFB00A9F3DF /* IntroSecondNewModel.swift */,
			);
			path = "intro-second-new";
			sourceTree = "<group>";
		};
		F3D6D201214CF7AD00A6231E /* intro-fourth */ = {
			isa = PBXGroup;
			children = (
				F3D6D203214CF7F400A6231E /* IntroFourthViewController.swift */,
				F3D6D207214CF83900A6231E /* IntroFourthViewModel.swift */,
				F3D6D209214CF84700A6231E /* IntroFourthModel.swift */,
			);
			path = "intro-fourth";
			sourceTree = "<group>";
		};
		F3D6D202214CF7BA00A6231E /* intro-fifth */ = {
			isa = PBXGroup;
			children = (
				F3D6D205214CF81300A6231E /* IntroFifthViewController.swift */,
				F3D6D20B214CF86500A6231E /* IntroFifthViewModel.swift */,
				F3D6D20D214CF87800A6231E /* IntroFifthModel.swift */,
			);
			path = "intro-fifth";
			sourceTree = "<group>";
		};
		F3DA017B2162901400D0625B /* webview */ = {
			isa = PBXGroup;
			children = (
				F3DA017C2162905200D0625B /* WebviewViewController.swift */,
				F3DA017E2162907500D0625B /* WebviewViewModel.swift */,
				F3DA0180216290BD00D0625B /* WebviewModel.swift */,
			);
			path = webview;
			sourceTree = "<group>";
		};
		F3E19CA7211C3C3A00ADE838 /* homecontainer */ = {
			isa = PBXGroup;
			children = (
				F3E19CA9211C3CDB00ADE838 /* HomeContainerViewModel.swift */,
				F3E19CA5211B10FF00ADE838 /* HomeContainerViewController.swift */,
				F3E19CAB211C3CEE00ADE838 /* HomeContainerModel.swift */,
			);
			path = homecontainer;
			sourceTree = "<group>";
		};
		F3E19CA8211C3C6D00ADE838 /* inputscreen */ = {
			isa = PBXGroup;
			children = (
				F3E19CAD211C3D6400ADE838 /* InputAViewController.swift */,
				F3E19CAF211C3DA500ADE838 /* InputAViewModel.swift */,
				F3E19CB1211C3DB400ADE838 /* InputAModel.swift */,
			);
			path = inputscreen;
			sourceTree = "<group>";
		};
		F3E19CB7211D832F00ADE838 /* submenu */ = {
			isa = PBXGroup;
			children = (
				F3E19CB8211D835500ADE838 /* SubMenuViewController.swift */,
				F3E19CBA211D836B00ADE838 /* SubMenuViewModel.swift */,
				F3E19CBC211D837900ADE838 /* SubMenuModel.swift */,
			);
			path = submenu;
			sourceTree = "<group>";
		};
		F3E97E552141B5B000379B4A /* extension */ = {
			isa = PBXGroup;
			children = (
				F3E97E5621422F3C00379B4A /* UIDevice+modelName.swift */,
			);
			path = extension;
			sourceTree = "<group>";
		};
/* End PBXGroup section */

/* Begin PBXNativeTarget section */
		F336587820D318C300B18CEC /* in-ios */ = {
			isa = PBXNativeTarget;
			buildConfigurationList = F33658A120D318CB00B18CEC /* Build configuration list for PBXNativeTarget "in-ios" */;
			buildPhases = (
				7B4772F9EB0EB3C4F6F75D75 /* [CP] Check Pods Manifest.lock */,
				F336587520D318C300B18CEC /* Sources */,
				F336587620D318C300B18CEC /* Frameworks */,
				F336587720D318C300B18CEC /* Resources */,
				F33289D52132F20000D99B3A /* Embed Frameworks */,
				F3428A84214012BA00787296 /* ShellScript */,
				66DD122F780AF21E49F718CE /* [CP] Embed Pods Frameworks */,
				C3F10E8FB85CF293AF1162F9 /* [CP] Copy Pods Resources */,
			);
			buildRules = (
			);
			dependencies = (
			);
			name = "in-ios";
			productName = "in-ios";
			productReference = F336587920D318C300B18CEC /* in-ios.app */;
			productType = "com.apple.product-type.application";
		};
		F336588C20D318CB00B18CEC /* in-iosTests */ = {
			isa = PBXNativeTarget;
			buildConfigurationList = F33658A420D318CB00B18CEC /* Build configuration list for PBXNativeTarget "in-iosTests" */;
			buildPhases = (
				F5511E0E24CBC16F6C93B2EC /* [CP] Check Pods Manifest.lock */,
				F336588920D318CB00B18CEC /* Sources */,
				F336588A20D318CB00B18CEC /* Frameworks */,
				F336588B20D318CB00B18CEC /* Resources */,
			);
			buildRules = (
			);
			dependencies = (
				F336588F20D318CB00B18CEC /* PBXTargetDependency */,
			);
			name = "in-iosTests";
			productName = "in-iosTests";
			productReference = F336588D20D318CB00B18CEC /* in-iosTests.xctest */;
			productType = "com.apple.product-type.bundle.unit-test";
		};
		F336589720D318CB00B18CEC /* in-iosUITests */ = {
			isa = PBXNativeTarget;
			buildConfigurationList = F33658A720D318CB00B18CEC /* Build configuration list for PBXNativeTarget "in-iosUITests" */;
			buildPhases = (
				EFB56DB17DA2D039525E8326 /* [CP] Check Pods Manifest.lock */,
				F336589420D318CB00B18CEC /* Sources */,
				F336589520D318CB00B18CEC /* Frameworks */,
				F336589620D318CB00B18CEC /* Resources */,
			);
			buildRules = (
			);
			dependencies = (
				F336589A20D318CB00B18CEC /* PBXTargetDependency */,
			);
			name = "in-iosUITests";
			productName = "in-iosUITests";
			productReference = F336589820D318CB00B18CEC /* in-iosUITests.xctest */;
			productType = "com.apple.product-type.bundle.ui-testing";
		};
/* End PBXNativeTarget section */

/* Begin PBXProject section */
		F336587120D318C300B18CEC /* Project object */ = {
			isa = PBXProject;
			attributes = {
				LastSwiftUpdateCheck = 0940;
				LastUpgradeCheck = 0940;
				ORGANIZATIONNAME = com.innodemneurosciences;
				TargetAttributes = {
					F336587820D318C300B18CEC = {
						CreatedOnToolsVersion = 9.4.1;
						LastSwiftMigration = 1000;
					};
					F336588C20D318CB00B18CEC = {
						CreatedOnToolsVersion = 9.4.1;
						LastSwiftMigration = 1000;
						TestTargetID = F336587820D318C300B18CEC;
					};
					F336589720D318CB00B18CEC = {
						CreatedOnToolsVersion = 9.4.1;
						LastSwiftMigration = 1000;
						TestTargetID = F336587820D318C300B18CEC;
					};
				};
			};
			buildConfigurationList = F336587420D318C300B18CEC /* Build configuration list for PBXProject "in-ios" */;
			compatibilityVersion = "Xcode 9.3";
			developmentRegion = en;
			hasScannedForEncodings = 0;
			knownRegions = (
				en,
				Base,
				es,
			);
			mainGroup = F336587020D318C300B18CEC;
			productRefGroup = F336587A20D318C300B18CEC /* Products */;
			projectDirPath = "";
			projectRoot = "";
			targets = (
				F336587820D318C300B18CEC /* in-ios */,
				F336588C20D318CB00B18CEC /* in-iosTests */,
				F336589720D318CB00B18CEC /* in-iosUITests */,
			);
		};
/* End PBXProject section */

/* Begin PBXResourcesBuildPhase section */
		F336587720D318C300B18CEC /* Resources */ = {
			isa = PBXResourcesBuildPhase;
			buildActionMask = 2147483647;
			files = (
				E9611E962164AC950010B33C /* ScreenTypeC.storyboard in Resources */,
				F336588720D318CA00B18CEC /* LaunchScreen.storyboard in Resources */,
				F3355CF521240F6D009AF602 /* TopMenuItemExpandedCollectionViewCell.xib in Resources */,
				F39059BB210F09C800CAA292 /* MenuItemCollectionViewCell.xib in Resources */,
				F336588420D318CA00B18CEC /* Assets.xcassets in Resources */,
				F354B74E2164FAFA0026F3A2 /* Localizable.strings in Resources */,
				F331EA80211303880000B4E6 /* TopMenuItemCollectionViewCell.xib in Resources */,
				E9611E952164AC950010B33C /* ScreenTypeCMenuCollectionViewCell.xib in Resources */,
				F336588220D318C300B18CEC /* Main.storyboard in Resources */,
				F3F8648321175BEE00B7CAA8 /* Colors.xcassets in Resources */,
				F3B0C1CC2154BA1400E30CA1 /* GoogleService-Info.plist in Resources */,
			);
			runOnlyForDeploymentPostprocessing = 0;
		};
		F336588B20D318CB00B18CEC /* Resources */ = {
			isa = PBXResourcesBuildPhase;
			buildActionMask = 2147483647;
			files = (
			);
			runOnlyForDeploymentPostprocessing = 0;
		};
		F336589620D318CB00B18CEC /* Resources */ = {
			isa = PBXResourcesBuildPhase;
			buildActionMask = 2147483647;
			files = (
			);
			runOnlyForDeploymentPostprocessing = 0;
		};
/* End PBXResourcesBuildPhase section */

/* Begin PBXShellScriptBuildPhase section */
		66DD122F780AF21E49F718CE /* [CP] Embed Pods Frameworks */ = {
			isa = PBXShellScriptBuildPhase;
			buildActionMask = 2147483647;
			files = (
			);
			inputPaths = (
				"${SRCROOT}/Pods/Target Support Files/Pods-in-ios/Pods-in-ios-frameworks.sh",
				"${BUILT_PRODUCTS_DIR}/GTMSessionFetcher/GTMSessionFetcher.framework",
				"${BUILT_PRODUCTS_DIR}/GoogleAPIClientForREST/GoogleAPIClientForREST.framework",
				"${BUILT_PRODUCTS_DIR}/GoogleToolboxForMac/GoogleToolboxForMac.framework",
				"${BUILT_PRODUCTS_DIR}/GoogleUtilities/GoogleUtilities.framework",
				"${BUILT_PRODUCTS_DIR}/Kingfisher/Kingfisher.framework",
				"${BUILT_PRODUCTS_DIR}/Protobuf/Protobuf.framework",
				"${BUILT_PRODUCTS_DIR}/RxCocoa/RxCocoa.framework",
				"${BUILT_PRODUCTS_DIR}/RxSwift/RxSwift.framework",
				"${BUILT_PRODUCTS_DIR}/nanopb/nanopb.framework",
			);
			name = "[CP] Embed Pods Frameworks";
			outputPaths = (
				"${TARGET_BUILD_DIR}/${FRAMEWORKS_FOLDER_PATH}/GTMSessionFetcher.framework",
				"${TARGET_BUILD_DIR}/${FRAMEWORKS_FOLDER_PATH}/GoogleAPIClientForREST.framework",
				"${TARGET_BUILD_DIR}/${FRAMEWORKS_FOLDER_PATH}/GoogleToolboxForMac.framework",
				"${TARGET_BUILD_DIR}/${FRAMEWORKS_FOLDER_PATH}/GoogleUtilities.framework",
				"${TARGET_BUILD_DIR}/${FRAMEWORKS_FOLDER_PATH}/Kingfisher.framework",
				"${TARGET_BUILD_DIR}/${FRAMEWORKS_FOLDER_PATH}/Protobuf.framework",
				"${TARGET_BUILD_DIR}/${FRAMEWORKS_FOLDER_PATH}/RxCocoa.framework",
				"${TARGET_BUILD_DIR}/${FRAMEWORKS_FOLDER_PATH}/RxSwift.framework",
				"${TARGET_BUILD_DIR}/${FRAMEWORKS_FOLDER_PATH}/nanopb.framework",
			);
			runOnlyForDeploymentPostprocessing = 0;
			shellPath = /bin/sh;
			shellScript = "\"${SRCROOT}/Pods/Target Support Files/Pods-in-ios/Pods-in-ios-frameworks.sh\"\n";
			showEnvVarsInLog = 0;
		};
		7B4772F9EB0EB3C4F6F75D75 /* [CP] Check Pods Manifest.lock */ = {
			isa = PBXShellScriptBuildPhase;
			buildActionMask = 2147483647;
			files = (
			);
			inputPaths = (
				"${PODS_PODFILE_DIR_PATH}/Podfile.lock",
				"${PODS_ROOT}/Manifest.lock",
			);
			name = "[CP] Check Pods Manifest.lock";
			outputPaths = (
				"$(DERIVED_FILE_DIR)/Pods-in-ios-checkManifestLockResult.txt",
			);
			runOnlyForDeploymentPostprocessing = 0;
			shellPath = /bin/sh;
			shellScript = "diff \"${PODS_PODFILE_DIR_PATH}/Podfile.lock\" \"${PODS_ROOT}/Manifest.lock\" > /dev/null\nif [ $? != 0 ] ; then\n    # print error to STDERR\n    echo \"error: The sandbox is not in sync with the Podfile.lock. Run 'pod install' or update your CocoaPods installation.\" >&2\n    exit 1\nfi\n# This output is used by Xcode 'outputs' to avoid re-running this script phase.\necho \"SUCCESS\" > \"${SCRIPT_OUTPUT_FILE_0}\"\n";
			showEnvVarsInLog = 0;
		};
		C3F10E8FB85CF293AF1162F9 /* [CP] Copy Pods Resources */ = {
			isa = PBXShellScriptBuildPhase;
			buildActionMask = 2147483647;
			files = (
			);
			inputPaths = (
				"${SRCROOT}/Pods/Target Support Files/Pods-in-ios/Pods-in-ios-resources.sh",
				"${PODS_CONFIGURATION_BUILD_DIR}/GoogleMobileVision/GoogleMVFaceDetectorResources.bundle",
			);
			name = "[CP] Copy Pods Resources";
			outputPaths = (
				"${TARGET_BUILD_DIR}/${UNLOCALIZED_RESOURCES_FOLDER_PATH}/GoogleMVFaceDetectorResources.bundle",
			);
			runOnlyForDeploymentPostprocessing = 0;
			shellPath = /bin/sh;
			shellScript = "\"${SRCROOT}/Pods/Target Support Files/Pods-in-ios/Pods-in-ios-resources.sh\"\n";
			showEnvVarsInLog = 0;
		};
		EFB56DB17DA2D039525E8326 /* [CP] Check Pods Manifest.lock */ = {
			isa = PBXShellScriptBuildPhase;
			buildActionMask = 2147483647;
			files = (
			);
			inputPaths = (
				"${PODS_PODFILE_DIR_PATH}/Podfile.lock",
				"${PODS_ROOT}/Manifest.lock",
			);
			name = "[CP] Check Pods Manifest.lock";
			outputPaths = (
				"$(DERIVED_FILE_DIR)/Pods-in-iosUITests-checkManifestLockResult.txt",
			);
			runOnlyForDeploymentPostprocessing = 0;
			shellPath = /bin/sh;
			shellScript = "diff \"${PODS_PODFILE_DIR_PATH}/Podfile.lock\" \"${PODS_ROOT}/Manifest.lock\" > /dev/null\nif [ $? != 0 ] ; then\n    # print error to STDERR\n    echo \"error: The sandbox is not in sync with the Podfile.lock. Run 'pod install' or update your CocoaPods installation.\" >&2\n    exit 1\nfi\n# This output is used by Xcode 'outputs' to avoid re-running this script phase.\necho \"SUCCESS\" > \"${SCRIPT_OUTPUT_FILE_0}\"\n";
			showEnvVarsInLog = 0;
		};
		F3428A84214012BA00787296 /* ShellScript */ = {
			isa = PBXShellScriptBuildPhase;
			buildActionMask = 12;
			files = (
			);
			inputPaths = (
				"$(BUILT_PRODUCTS_DIR)/$(INFOPLIST_PATH)",
			);
			outputPaths = (
			);
			runOnlyForDeploymentPostprocessing = 0;
			shellPath = /bin/sh;
			shellScript = "# Type a script or drag a script file from your workspace to insert its path.\n\"${PODS_ROOT}/Fabric/run\" 59207c318c0533c7f3fb353322b35f22ea1c1c50\n";
		};
		F5511E0E24CBC16F6C93B2EC /* [CP] Check Pods Manifest.lock */ = {
			isa = PBXShellScriptBuildPhase;
			buildActionMask = 2147483647;
			files = (
			);
			inputPaths = (
				"${PODS_PODFILE_DIR_PATH}/Podfile.lock",
				"${PODS_ROOT}/Manifest.lock",
			);
			name = "[CP] Check Pods Manifest.lock";
			outputPaths = (
				"$(DERIVED_FILE_DIR)/Pods-in-iosTests-checkManifestLockResult.txt",
			);
			runOnlyForDeploymentPostprocessing = 0;
			shellPath = /bin/sh;
			shellScript = "diff \"${PODS_PODFILE_DIR_PATH}/Podfile.lock\" \"${PODS_ROOT}/Manifest.lock\" > /dev/null\nif [ $? != 0 ] ; then\n    # print error to STDERR\n    echo \"error: The sandbox is not in sync with the Podfile.lock. Run 'pod install' or update your CocoaPods installation.\" >&2\n    exit 1\nfi\n# This output is used by Xcode 'outputs' to avoid re-running this script phase.\necho \"SUCCESS\" > \"${SCRIPT_OUTPUT_FILE_0}\"\n";
			showEnvVarsInLog = 0;
		};
/* End PBXShellScriptBuildPhase section */

/* Begin PBXSourcesBuildPhase section */
		F336587520D318C300B18CEC /* Sources */ = {
			isa = PBXSourcesBuildPhase;
			buildActionMask = 2147483647;
			files = (
				F3CE6922213DB367004F6756 /* IntroFirstViewModel.swift in Sources */,
				F3D6D210214CFB7D00A6231E /* UIImage+fixedOrientation.swift in Sources */,
				F3E97E5B21422F4F00379B4A /* FaceFinder.swift in Sources */,
				F3DC2DAB20F8ADBA00CC276F /* Reachability.swift in Sources */,
				F32D99CA21117EC7007AAA8D /* BaseViewModel.swift in Sources */,
				F34B909B20D46FA100800FCD /* DisplayHelper.swift in Sources */,
				F334ADBE2105DA4A0056824A /* SpeechHelper.swift in Sources */,
				F39059BF210F254C00CAA292 /* AnimationUtil.swift in Sources */,
				F334ADC5210B3BC00056824A /* ApiRequestHandler.swift in Sources */,
				F336587F20D318C300B18CEC /* BaseViewController.swift in Sources */,
				F3355CEA2122BE79009AF602 /* InputScreens.swift in Sources */,
				E9611E942164AC950010B33C /* ScreenTypeCMenuCollectionViewCell.swift in Sources */,
				F3355CED2122E88C009AF602 /* LoadingViewController.swift in Sources */,
				F3D6D20A214CF84700A6231E /* IntroFourthModel.swift in Sources */,
				F354B7472164C7570026F3A2 /* IntroThirdNewModel.swift in Sources */,
				F3E19CAE211C3D6400ADE838 /* InputAViewController.swift in Sources */,
				F354B7452164C7470026F3A2 /* IntroThirdNewViewModel.swift in Sources */,
				F3E19CB0211C3DA500ADE838 /* InputAViewModel.swift in Sources */,
				F3F4148C20F5F82000CF101D /* ReachabilityManager.swift in Sources */,
				F3DA017F2162907500D0625B /* WebviewViewModel.swift in Sources */,
				F334ADC8210D7A370056824A /* MenuItem.swift in Sources */,
				F3CE691D213D70E6004F6756 /* GazeEstimator.mlmodel in Sources */,
				F32D99C621117E79007AAA8D /* HomeModel.swift in Sources */,
				F32DCEDE214A652000B3D0F8 /* IntroThirdViewModel.swift in Sources */,
				F336587D20D318C300B18CEC /* AppDelegate.swift in Sources */,
				F331EA7F211303880000B4E6 /* TopMenuItemCollectionViewCell.swift in Sources */,
				E9611E9A2164AE2D0010B33C /* IdentifierProtocol.swift in Sources */,
				F32F5B6921453E0B00558C68 /* IntroSecondModel.swift in Sources */,
				F3355CE82121E04F009AF602 /* InputScreen.swift in Sources */,
				F3CE902D215D3FFB00A9F3DF /* IntroSecondNewModel.swift in Sources */,
				F39059C1210F290F00CAA292 /* MenuViewModel.swift in Sources */,
				F3D6D206214CF81300A6231E /* IntroFifthViewController.swift in Sources */,
				F334ADCA210D7F890056824A /* HomeViewModel.swift in Sources */,
				F3C48CCB210F018200742855 /* MenuViewController.swift in Sources */,
				F3355CF12122E904009AF602 /* LoadingModel.swift in Sources */,
				F32F5B6521453DCC00558C68 /* IntroSecondViewController.swift in Sources */,
				F3E200C92135F2D500902A33 /* UIApplication+getPresentedViewController.swift in Sources */,
				F3CE902B215D3FE600A9F3DF /* IntroSeconNewViewModel.swift in Sources */,
				F3D6D208214CF83900A6231E /* IntroFourthViewModel.swift in Sources */,
				F3E19CAA211C3CDB00ADE838 /* HomeContainerViewModel.swift in Sources */,
				F3D6D20E214CF87800A6231E /* IntroFifthModel.swift in Sources */,
				F32DCEE0214A654400B3D0F8 /* IntroThirdModel.swift in Sources */,
				F3E19CB9211D835500ADE838 /* SubMenuViewController.swift in Sources */,
				E9611E972164AC950010B33C /* ScreenTypeCViewController.swift in Sources */,
				F3E97E5921422F4800379B4A /* GazeTracker.swift in Sources */,
				F32DCEDC214A64B000B3D0F8 /* IntroThirdViewController.swift in Sources */,
				F39059C32110473D00CAA292 /* MenuItems.swift in Sources */,
				F3CE6924213DB385004F6756 /* IntroFirstModel.swift in Sources */,
				F3E97E5721422F3C00379B4A /* UIDevice+modelName.swift in Sources */,
				F32F5B6721453DFB00558C68 /* IntroSecondViewModel.swift in Sources */,
				F3CE6920213DB318004F6756 /* IntroFirstViewController.swift in Sources */,
				F32DCED9214A41D100B3D0F8 /* INTextField.swift in Sources */,
				F3E19CB6211D827000ADE838 /* MenuItemCollectionViewCell.swift in Sources */,
				E9611E982164AC950010B33C /* ScreenTypeCViewModel.swift in Sources */,
				F3E19CAC211C3CEE00ADE838 /* HomeContainerModel.swift in Sources */,
				F3E19CA6211B10FF00ADE838 /* HomeContainerViewController.swift in Sources */,
				F3E19CBD211D837900ADE838 /* SubMenuModel.swift in Sources */,
				F3E200C52135EC5E00902A33 /* GazePredictionDelegate.swift in Sources */,
				F33658AE20D3198000B18CEC /* Constant.swift in Sources */,
				F3CE9029215D3F8300A9F3DF /* IntroSecondNewViewController.swift in Sources */,
				F3DA017D2162905200D0625B /* WebviewViewController.swift in Sources */,
				F3DA0181216290BD00D0625B /* WebviewModel.swift in Sources */,
				F334ADBC2104E7970056824A /* CameraManager.swift in Sources */,
				F3E19CB2211C3DB400ADE838 /* InputAModel.swift in Sources */,
				F3E19CBB211D836B00ADE838 /* SubMenuViewModel.swift in Sources */,
				F32D99C821117E8A007AAA8D /* MenuModel.swift in Sources */,
				F3D6D204214CF7F400A6231E /* IntroFourthViewController.swift in Sources */,
				F3A41ACC2161329000D2D8D6 /* LegalDocument.swift in Sources */,
				F3D6D20C214CF86500A6231E /* IntroFifthViewModel.swift in Sources */,
				F354B7432164C7280026F3A2 /* IntroThirdNewViewController.swift in Sources */,
				F33F0BCF2121B11C002E31B9 /* DataManager.swift in Sources */,
				F3216B5620F4EA15008D6EFD /* HomeViewController.swift in Sources */,
				F32D99CC21117EE8007AAA8D /* BaseModel.swift in Sources */,
				F3355CF421240F6C009AF602 /* TopMenuItemExpandedCollectionViewCell.swift in Sources */,
				F3E200CD213664C700902A33 /* CMSampleBuffer+image.swift in Sources */,
				F3E200C22135EC5E00902A33 /* FaceFinderDelegate.swift in Sources */,
				F334ADC02106E86F0056824A /* NavigationHelper.swift in Sources */,
				F3355CEF2122E8F3009AF602 /* LoadingViewModel.swift in Sources */,
				F3A41ACE216147F100D2D8D6 /* LegalDocuments.swift in Sources */,
			);
			runOnlyForDeploymentPostprocessing = 0;
		};
		F336588920D318CB00B18CEC /* Sources */ = {
			isa = PBXSourcesBuildPhase;
			buildActionMask = 2147483647;
			files = (
				F336589220D318CB00B18CEC /* in_iosTests.swift in Sources */,
			);
			runOnlyForDeploymentPostprocessing = 0;
		};
		F336589420D318CB00B18CEC /* Sources */ = {
			isa = PBXSourcesBuildPhase;
			buildActionMask = 2147483647;
			files = (
				F336589D20D318CB00B18CEC /* in_iosUITests.swift in Sources */,
			);
			runOnlyForDeploymentPostprocessing = 0;
		};
/* End PBXSourcesBuildPhase section */

/* Begin PBXTargetDependency section */
		F336588F20D318CB00B18CEC /* PBXTargetDependency */ = {
			isa = PBXTargetDependency;
			target = F336587820D318C300B18CEC /* in-ios */;
			targetProxy = F336588E20D318CB00B18CEC /* PBXContainerItemProxy */;
		};
		F336589A20D318CB00B18CEC /* PBXTargetDependency */ = {
			isa = PBXTargetDependency;
			target = F336587820D318C300B18CEC /* in-ios */;
			targetProxy = F336589920D318CB00B18CEC /* PBXContainerItemProxy */;
		};
/* End PBXTargetDependency section */

/* Begin PBXVariantGroup section */
		F336588020D318C300B18CEC /* Main.storyboard */ = {
			isa = PBXVariantGroup;
			children = (
				F336588120D318C300B18CEC /* Base */,
				F354B74A2164F9A10026F3A2 /* fr */,
				F354B74C2164F9C20026F3A2 /* es */,
			);
			name = Main.storyboard;
			sourceTree = "<group>";
		};
		F336588520D318CA00B18CEC /* LaunchScreen.storyboard */ = {
			isa = PBXVariantGroup;
			children = (
				F336588620D318CA00B18CEC /* Base */,
				F354B74B2164F9A20026F3A2 /* fr */,
				F354B74D2164F9C20026F3A2 /* es */,
			);
			name = LaunchScreen.storyboard;
			sourceTree = "<group>";
		};
		F354B7502164FAFA0026F3A2 /* Localizable.strings */ = {
			isa = PBXVariantGroup;
			children = (
				F354B74F2164FAFA0026F3A2 /* fr */,
				F354B7512164FAFF0026F3A2 /* es */,
				F354B7522164FB030026F3A2 /* en */,
			);
			name = Localizable.strings;
			sourceTree = "<group>";
		};
/* End PBXVariantGroup section */

/* Begin XCBuildConfiguration section */
		F336589F20D318CB00B18CEC /* Debug */ = {
			isa = XCBuildConfiguration;
			buildSettings = {
				ALWAYS_SEARCH_USER_PATHS = NO;
				CLANG_ANALYZER_LOCALIZABILITY_NONLOCALIZED = YES;
				CLANG_ANALYZER_NONNULL = YES;
				CLANG_ANALYZER_NUMBER_OBJECT_CONVERSION = YES_AGGRESSIVE;
				CLANG_CXX_LANGUAGE_STANDARD = "gnu++14";
				CLANG_CXX_LIBRARY = "libc++";
				CLANG_ENABLE_MODULES = YES;
				CLANG_ENABLE_OBJC_ARC = YES;
				CLANG_ENABLE_OBJC_WEAK = YES;
				CLANG_WARN_BLOCK_CAPTURE_AUTORELEASING = YES;
				CLANG_WARN_BOOL_CONVERSION = YES;
				CLANG_WARN_COMMA = YES;
				CLANG_WARN_CONSTANT_CONVERSION = YES;
				CLANG_WARN_DEPRECATED_OBJC_IMPLEMENTATIONS = YES;
				CLANG_WARN_DIRECT_OBJC_ISA_USAGE = YES_ERROR;
				CLANG_WARN_DOCUMENTATION_COMMENTS = YES;
				CLANG_WARN_EMPTY_BODY = YES;
				CLANG_WARN_ENUM_CONVERSION = YES;
				CLANG_WARN_INFINITE_RECURSION = YES;
				CLANG_WARN_INT_CONVERSION = YES;
				CLANG_WARN_NON_LITERAL_NULL_CONVERSION = YES;
				CLANG_WARN_OBJC_IMPLICIT_RETAIN_SELF = YES;
				CLANG_WARN_OBJC_LITERAL_CONVERSION = YES;
				CLANG_WARN_OBJC_ROOT_CLASS = YES_ERROR;
				CLANG_WARN_RANGE_LOOP_ANALYSIS = YES;
				CLANG_WARN_STRICT_PROTOTYPES = YES;
				CLANG_WARN_SUSPICIOUS_MOVE = YES;
				CLANG_WARN_UNGUARDED_AVAILABILITY = YES_AGGRESSIVE;
				CLANG_WARN_UNREACHABLE_CODE = YES;
				CLANG_WARN__DUPLICATE_METHOD_MATCH = YES;
				CODE_SIGN_IDENTITY = "iPhone Developer";
				COPY_PHASE_STRIP = NO;
				DEBUG_INFORMATION_FORMAT = dwarf;
				ENABLE_STRICT_OBJC_MSGSEND = YES;
				ENABLE_TESTABILITY = YES;
				GCC_C_LANGUAGE_STANDARD = gnu11;
				GCC_DYNAMIC_NO_PIC = NO;
				GCC_NO_COMMON_BLOCKS = YES;
				GCC_OPTIMIZATION_LEVEL = 0;
				GCC_PREPROCESSOR_DEFINITIONS = (
					"DEBUG=1",
					"$(inherited)",
				);
				GCC_WARN_64_TO_32_BIT_CONVERSION = YES;
				GCC_WARN_ABOUT_RETURN_TYPE = YES_ERROR;
				GCC_WARN_UNDECLARED_SELECTOR = YES;
				GCC_WARN_UNINITIALIZED_AUTOS = YES_AGGRESSIVE;
				GCC_WARN_UNUSED_FUNCTION = YES;
				GCC_WARN_UNUSED_VARIABLE = YES;
				IPHONEOS_DEPLOYMENT_TARGET = 11.0;
				MTL_ENABLE_DEBUG_INFO = YES;
				ONLY_ACTIVE_ARCH = YES;
				SDKROOT = iphoneos;
				SWIFT_ACTIVE_COMPILATION_CONDITIONS = DEBUG;
				SWIFT_OPTIMIZATION_LEVEL = "-Onone";
				SWIFT_VERSION = 4.2;
			};
			name = Debug;
		};
		F33658A020D318CB00B18CEC /* Release */ = {
			isa = XCBuildConfiguration;
			buildSettings = {
				ALWAYS_SEARCH_USER_PATHS = NO;
				CLANG_ANALYZER_LOCALIZABILITY_NONLOCALIZED = YES;
				CLANG_ANALYZER_NONNULL = YES;
				CLANG_ANALYZER_NUMBER_OBJECT_CONVERSION = YES_AGGRESSIVE;
				CLANG_CXX_LANGUAGE_STANDARD = "gnu++14";
				CLANG_CXX_LIBRARY = "libc++";
				CLANG_ENABLE_MODULES = YES;
				CLANG_ENABLE_OBJC_ARC = YES;
				CLANG_ENABLE_OBJC_WEAK = YES;
				CLANG_WARN_BLOCK_CAPTURE_AUTORELEASING = YES;
				CLANG_WARN_BOOL_CONVERSION = YES;
				CLANG_WARN_COMMA = YES;
				CLANG_WARN_CONSTANT_CONVERSION = YES;
				CLANG_WARN_DEPRECATED_OBJC_IMPLEMENTATIONS = YES;
				CLANG_WARN_DIRECT_OBJC_ISA_USAGE = YES_ERROR;
				CLANG_WARN_DOCUMENTATION_COMMENTS = YES;
				CLANG_WARN_EMPTY_BODY = YES;
				CLANG_WARN_ENUM_CONVERSION = YES;
				CLANG_WARN_INFINITE_RECURSION = YES;
				CLANG_WARN_INT_CONVERSION = YES;
				CLANG_WARN_NON_LITERAL_NULL_CONVERSION = YES;
				CLANG_WARN_OBJC_IMPLICIT_RETAIN_SELF = YES;
				CLANG_WARN_OBJC_LITERAL_CONVERSION = YES;
				CLANG_WARN_OBJC_ROOT_CLASS = YES_ERROR;
				CLANG_WARN_RANGE_LOOP_ANALYSIS = YES;
				CLANG_WARN_STRICT_PROTOTYPES = YES;
				CLANG_WARN_SUSPICIOUS_MOVE = YES;
				CLANG_WARN_UNGUARDED_AVAILABILITY = YES_AGGRESSIVE;
				CLANG_WARN_UNREACHABLE_CODE = YES;
				CLANG_WARN__DUPLICATE_METHOD_MATCH = YES;
				CODE_SIGN_IDENTITY = "iPhone Developer";
				COPY_PHASE_STRIP = NO;
				DEBUG_INFORMATION_FORMAT = "dwarf-with-dsym";
				ENABLE_NS_ASSERTIONS = NO;
				ENABLE_STRICT_OBJC_MSGSEND = YES;
				GCC_C_LANGUAGE_STANDARD = gnu11;
				GCC_NO_COMMON_BLOCKS = YES;
				GCC_WARN_64_TO_32_BIT_CONVERSION = YES;
				GCC_WARN_ABOUT_RETURN_TYPE = YES_ERROR;
				GCC_WARN_UNDECLARED_SELECTOR = YES;
				GCC_WARN_UNINITIALIZED_AUTOS = YES_AGGRESSIVE;
				GCC_WARN_UNUSED_FUNCTION = YES;
				GCC_WARN_UNUSED_VARIABLE = YES;
				IPHONEOS_DEPLOYMENT_TARGET = 11.0;
				MTL_ENABLE_DEBUG_INFO = NO;
				SDKROOT = iphoneos;
				SWIFT_COMPILATION_MODE = wholemodule;
				SWIFT_OPTIMIZATION_LEVEL = "-O";
				SWIFT_VERSION = 4.2;
				VALIDATE_PRODUCT = YES;
			};
			name = Release;
		};
		F33658A220D318CB00B18CEC /* Debug */ = {
			isa = XCBuildConfiguration;
			baseConfigurationReference = A936726B0D8064569E2F0074 /* Pods-in-ios.debug.xcconfig */;
			buildSettings = {
				ASSETCATALOG_COMPILER_APPICON_NAME = AppIcon;
				CODE_SIGN_IDENTITY = "iPhone Developer";
				CODE_SIGN_STYLE = Manual;
				DEBUG_INFORMATION_FORMAT = "dwarf-with-dsym";
				DEVELOPMENT_TEAM = 954DRPZZ57;
				FRAMEWORK_SEARCH_PATHS = (
					"$(inherited)",
					"$(PROJECT_DIR)",
					"$(PROJECT_DIR)/in-ios",
				);
				INFOPLIST_FILE = "in-ios/Info.plist";
				IPHONEOS_DEPLOYMENT_TARGET = 11.0;
				LD_RUNPATH_SEARCH_PATHS = (
					"$(inherited)",
					"@executable_path/Frameworks",
				);
				PRODUCT_BUNDLE_IDENTIFIER = "com.innodemneurosciences.in-ios";
				PRODUCT_NAME = "$(TARGET_NAME)";
				PROVISIONING_PROFILE_SPECIFIER = "match Development com.innodemneurosciences.in-ios";
				SWIFT_VERSION = 4.2;
				TARGETED_DEVICE_FAMILY = "1,2";
			};
			name = Debug;
		};
		F33658A320D318CB00B18CEC /* Release */ = {
			isa = XCBuildConfiguration;
			baseConfigurationReference = 0436C1AF7675FD89B89130B1 /* Pods-in-ios.release.xcconfig */;
			buildSettings = {
				ASSETCATALOG_COMPILER_APPICON_NAME = AppIcon;
				CODE_SIGN_IDENTITY = "iPhone Distribution";
				CODE_SIGN_STYLE = Manual;
				DEVELOPMENT_TEAM = 954DRPZZ57;
				FRAMEWORK_SEARCH_PATHS = (
					"$(inherited)",
					"$(PROJECT_DIR)",
					"$(PROJECT_DIR)/in-ios",
				);
				INFOPLIST_FILE = "in-ios/Info.plist";
				IPHONEOS_DEPLOYMENT_TARGET = 11.0;
				LD_RUNPATH_SEARCH_PATHS = (
					"$(inherited)",
					"@executable_path/Frameworks",
				);
				PRODUCT_BUNDLE_IDENTIFIER = "com.innodemneurosciences.in-ios";
				PRODUCT_NAME = "$(TARGET_NAME)";
				PROVISIONING_PROFILE_SPECIFIER = "match AppStore com.innodemneurosciences.in-ios";
				SWIFT_VERSION = 4.2;
				TARGETED_DEVICE_FAMILY = "1,2";
			};
			name = Release;
		};
		F33658A520D318CB00B18CEC /* Debug */ = {
			isa = XCBuildConfiguration;
			baseConfigurationReference = ED4FD3A654935E1287D7E3F3 /* Pods-in-iosTests.debug.xcconfig */;
			buildSettings = {
				ALWAYS_EMBED_SWIFT_STANDARD_LIBRARIES = YES;
				BUNDLE_LOADER = "$(TEST_HOST)";
				CODE_SIGN_STYLE = Automatic;
				DEVELOPMENT_TEAM = 954DRPZZ57;
				INFOPLIST_FILE = "in-iosTests/Info.plist";
				LD_RUNPATH_SEARCH_PATHS = (
					"$(inherited)",
					"@executable_path/Frameworks",
					"@loader_path/Frameworks",
				);
				PRODUCT_BUNDLE_IDENTIFIER = "com.innodemneurosciences.in-iosTests";
				PRODUCT_NAME = "$(TARGET_NAME)";
				SWIFT_VERSION = 4.2;
				TARGETED_DEVICE_FAMILY = "1,2";
				TEST_HOST = "$(BUILT_PRODUCTS_DIR)/in-ios.app/in-ios";
			};
			name = Debug;
		};
		F33658A620D318CB00B18CEC /* Release */ = {
			isa = XCBuildConfiguration;
			baseConfigurationReference = 397E883AB2F98A5771D9580D /* Pods-in-iosTests.release.xcconfig */;
			buildSettings = {
				ALWAYS_EMBED_SWIFT_STANDARD_LIBRARIES = YES;
				BUNDLE_LOADER = "$(TEST_HOST)";
				CODE_SIGN_STYLE = Automatic;
				DEVELOPMENT_TEAM = 954DRPZZ57;
				INFOPLIST_FILE = "in-iosTests/Info.plist";
				LD_RUNPATH_SEARCH_PATHS = (
					"$(inherited)",
					"@executable_path/Frameworks",
					"@loader_path/Frameworks",
				);
				PRODUCT_BUNDLE_IDENTIFIER = "com.innodemneurosciences.in-iosTests";
				PRODUCT_NAME = "$(TARGET_NAME)";
				SWIFT_VERSION = 4.2;
				TARGETED_DEVICE_FAMILY = "1,2";
				TEST_HOST = "$(BUILT_PRODUCTS_DIR)/in-ios.app/in-ios";
			};
			name = Release;
		};
		F33658A820D318CB00B18CEC /* Debug */ = {
			isa = XCBuildConfiguration;
			baseConfigurationReference = B42F0B30A5BBAEFB8E745953 /* Pods-in-iosUITests.debug.xcconfig */;
			buildSettings = {
				ALWAYS_EMBED_SWIFT_STANDARD_LIBRARIES = YES;
				CODE_SIGN_STYLE = Automatic;
				DEVELOPMENT_TEAM = 954DRPZZ57;
				INFOPLIST_FILE = "in-iosUITests/Info.plist";
				LD_RUNPATH_SEARCH_PATHS = (
					"$(inherited)",
					"@executable_path/Frameworks",
					"@loader_path/Frameworks",
				);
				PRODUCT_BUNDLE_IDENTIFIER = "com.innodemneurosciences.in-iosUITests";
				PRODUCT_NAME = "$(TARGET_NAME)";
				SWIFT_VERSION = 4.2;
				TARGETED_DEVICE_FAMILY = "1,2";
				TEST_TARGET_NAME = "in-ios";
			};
			name = Debug;
		};
		F33658A920D318CB00B18CEC /* Release */ = {
			isa = XCBuildConfiguration;
			baseConfigurationReference = 25BE18E2938B0416F1A1208F /* Pods-in-iosUITests.release.xcconfig */;
			buildSettings = {
				ALWAYS_EMBED_SWIFT_STANDARD_LIBRARIES = YES;
				CODE_SIGN_STYLE = Automatic;
				DEVELOPMENT_TEAM = 954DRPZZ57;
				INFOPLIST_FILE = "in-iosUITests/Info.plist";
				LD_RUNPATH_SEARCH_PATHS = (
					"$(inherited)",
					"@executable_path/Frameworks",
					"@loader_path/Frameworks",
				);
				PRODUCT_BUNDLE_IDENTIFIER = "com.innodemneurosciences.in-iosUITests";
				PRODUCT_NAME = "$(TARGET_NAME)";
				SWIFT_VERSION = 4.2;
				TARGETED_DEVICE_FAMILY = "1,2";
				TEST_TARGET_NAME = "in-ios";
			};
			name = Release;
		};
/* End XCBuildConfiguration section */

/* Begin XCConfigurationList section */
		F336587420D318C300B18CEC /* Build configuration list for PBXProject "in-ios" */ = {
			isa = XCConfigurationList;
			buildConfigurations = (
				F336589F20D318CB00B18CEC /* Debug */,
				F33658A020D318CB00B18CEC /* Release */,
			);
			defaultConfigurationIsVisible = 0;
			defaultConfigurationName = Debug;
		};
		F33658A120D318CB00B18CEC /* Build configuration list for PBXNativeTarget "in-ios" */ = {
			isa = XCConfigurationList;
			buildConfigurations = (
				F33658A220D318CB00B18CEC /* Debug */,
				F33658A320D318CB00B18CEC /* Release */,
			);
			defaultConfigurationIsVisible = 0;
			defaultConfigurationName = Debug;
		};
		F33658A420D318CB00B18CEC /* Build configuration list for PBXNativeTarget "in-iosTests" */ = {
			isa = XCConfigurationList;
			buildConfigurations = (
				F33658A520D318CB00B18CEC /* Debug */,
				F33658A620D318CB00B18CEC /* Release */,
			);
			defaultConfigurationIsVisible = 0;
			defaultConfigurationName = Debug;
		};
		F33658A720D318CB00B18CEC /* Build configuration list for PBXNativeTarget "in-iosUITests" */ = {
			isa = XCConfigurationList;
			buildConfigurations = (
				F33658A820D318CB00B18CEC /* Debug */,
				F33658A920D318CB00B18CEC /* Release */,
			);
			defaultConfigurationIsVisible = 0;
			defaultConfigurationName = Debug;
		};
/* End XCConfigurationList section */
	};
	rootObject = F336587120D318C300B18CEC /* Project object */;
}
